// !$*UTF8*$!
{
	archiveVersion = 1;
	classes = {
	};
	objectVersion = 55;
	objects = {

/* Begin PBXBuildFile section */
		772C146F273B7DAB00BB0127 /* AppDelegate.swift in Sources */ = {isa = PBXBuildFile; fileRef = 772C146E273B7DAB00BB0127 /* AppDelegate.swift */; };
		772C1471273B7DAB00BB0127 /* SceneDelegate.swift in Sources */ = {isa = PBXBuildFile; fileRef = 772C1470273B7DAB00BB0127 /* SceneDelegate.swift */; };
		772C1476273B7DAB00BB0127 /* Main.storyboard in Resources */ = {isa = PBXBuildFile; fileRef = 772C1474273B7DAB00BB0127 /* Main.storyboard */; };
		772C1478273B7DAE00BB0127 /* Assets.xcassets in Resources */ = {isa = PBXBuildFile; fileRef = 772C1477273B7DAE00BB0127 /* Assets.xcassets */; };
		772C147B273B7DAE00BB0127 /* LaunchScreen.storyboard in Resources */ = {isa = PBXBuildFile; fileRef = 772C1479273B7DAE00BB0127 /* LaunchScreen.storyboard */; };
		772C1483273CF9D500BB0127 /* CalendarVC.swift in Sources */ = {isa = PBXBuildFile; fileRef = 772C1482273CF9D500BB0127 /* CalendarVC.swift */; };
		773966022764CD860017FB10 /* GoogleService-Info.plist in Resources */ = {isa = PBXBuildFile; fileRef = 773966012764CD860017FB10 /* GoogleService-Info.plist */; };
		7744C57C2742C0F000325814 /* UIViewController+.swift in Sources */ = {isa = PBXBuildFile; fileRef = 7744C57B2742C0F000325814 /* UIViewController+.swift */; };
		779015B92742E38300F83ACD /* WriteSB.storyboard in Resources */ = {isa = PBXBuildFile; fileRef = 779015B82742E38300F83ACD /* WriteSB.storyboard */; };
		779015BB2742E51A00F83ACD /* WriteVC.swift in Sources */ = {isa = PBXBuildFile; fileRef = 779015BA2742E51A00F83ACD /* WriteVC.swift */; };
		779015BD2743ACE800F83ACD /* CalendarNaviController.swift in Sources */ = {isa = PBXBuildFile; fileRef = 779015BC2743ACE800F83ACD /* CalendarNaviController.swift */; };
		77ED047727B691F800D077CA /* StoryboardRepresentation.swift in Sources */ = {isa = PBXBuildFile; fileRef = 77ED047627B691F800D077CA /* StoryboardRepresentation.swift */; };
		77ED047927B6927E00D077CA /* BaseNC.swift in Sources */ = {isa = PBXBuildFile; fileRef = 77ED047827B6927E00D077CA /* BaseNC.swift */; };
		77ED047B27B692B500D077CA /* BaseTVC.swift in Sources */ = {isa = PBXBuildFile; fileRef = 77ED047A27B692B500D077CA /* BaseTVC.swift */; };
		77ED047D27B692E500D077CA /* TVRegisterable.swift in Sources */ = {isa = PBXBuildFile; fileRef = 77ED047C27B692E500D077CA /* TVRegisterable.swift */; };
		77ED047F27B6930000D077CA /* CVRegisterable.swift in Sources */ = {isa = PBXBuildFile; fileRef = 77ED047E27B6930000D077CA /* CVRegisterable.swift */; };
		77ED048127B6932D00D077CA /* BaseCVC.swift in Sources */ = {isa = PBXBuildFile; fileRef = 77ED048027B6932D00D077CA /* BaseCVC.swift */; };
		77ED048327B693CB00D077CA /* Identifiers.swift in Sources */ = {isa = PBXBuildFile; fileRef = 77ED048227B693CB00D077CA /* Identifiers.swift */; };
		77ED048527B6944300D077CA /* NaviType.swift in Sources */ = {isa = PBXBuildFile; fileRef = 77ED048427B6944300D077CA /* NaviType.swift */; };
		77ED048727B6965D00D077CA /* UIView+.swift in Sources */ = {isa = PBXBuildFile; fileRef = 77ED048627B6965D00D077CA /* UIView+.swift */; };
		77ED048927B697C900D077CA /* UITextField+.swift in Sources */ = {isa = PBXBuildFile; fileRef = 77ED048827B697C900D077CA /* UITextField+.swift */; };
		77ED048B27B6994900D077CA /* UIButton+.swift in Sources */ = {isa = PBXBuildFile; fileRef = 77ED048A27B6994900D077CA /* UIButton+.swift */; };
		77ED048D27B699A700D077CA /* UIColor+.swift in Sources */ = {isa = PBXBuildFile; fileRef = 77ED048C27B699A700D077CA /* UIColor+.swift */; };
		77ED048F27B6C46900D077CA /* UILabel+.swift in Sources */ = {isa = PBXBuildFile; fileRef = 77ED048E27B6C46900D077CA /* UILabel+.swift */; };
		77ED049127B6C4FC00D077CA /* UserDefaults+.swift in Sources */ = {isa = PBXBuildFile; fileRef = 77ED049027B6C4FC00D077CA /* UserDefaults+.swift */; };
		77ED049327B6C87200D077CA /* UITextView+.swift in Sources */ = {isa = PBXBuildFile; fileRef = 77ED049227B6C87200D077CA /* UITextView+.swift */; };
		77ED049527B6C8BA00D077CA /* Adjusted+.swift in Sources */ = {isa = PBXBuildFile; fileRef = 77ED049427B6C8BA00D077CA /* Adjusted+.swift */; };
		77FE1735274B860C00F95F0D /* CustomPopUpVC.swift in Sources */ = {isa = PBXBuildFile; fileRef = 77FE1733274B860C00F95F0D /* CustomPopUpVC.swift */; };
		77FE1736274B860C00F95F0D /* CustomPopUpVC.xib in Resources */ = {isa = PBXBuildFile; fileRef = 77FE1734274B860C00F95F0D /* CustomPopUpVC.xib */; };
		77FE1738274D2EC800F95F0D /* VeginTBC.swift in Sources */ = {isa = PBXBuildFile; fileRef = 77FE1737274D2EC700F95F0D /* VeginTBC.swift */; };
		77FE173C274D8F7400F95F0D /* FarmVC.swift in Sources */ = {isa = PBXBuildFile; fileRef = 77FE173B274D8F7400F95F0D /* FarmVC.swift */; };
		EECC6F26D6F157BF59080165 /* Pods_Vegin_iOS.framework in Frameworks */ = {isa = PBXBuildFile; fileRef = 24999E6C3C90A75DE12BA65A /* Pods_Vegin_iOS.framework */; };
/* End PBXBuildFile section */

/* Begin PBXFileReference section */
		24999E6C3C90A75DE12BA65A /* Pods_Vegin_iOS.framework */ = {isa = PBXFileReference; explicitFileType = wrapper.framework; includeInIndex = 0; path = Pods_Vegin_iOS.framework; sourceTree = BUILT_PRODUCTS_DIR; };
		4633DCDA9E2208418F65B04D /* Pods-Vegin_iOS.release.xcconfig */ = {isa = PBXFileReference; includeInIndex = 1; lastKnownFileType = text.xcconfig; name = "Pods-Vegin_iOS.release.xcconfig"; path = "Target Support Files/Pods-Vegin_iOS/Pods-Vegin_iOS.release.xcconfig"; sourceTree = "<group>"; };
		772C146B273B7DAB00BB0127 /* Vegin_iOS.app */ = {isa = PBXFileReference; explicitFileType = wrapper.application; includeInIndex = 0; path = Vegin_iOS.app; sourceTree = BUILT_PRODUCTS_DIR; };
		772C146E273B7DAB00BB0127 /* AppDelegate.swift */ = {isa = PBXFileReference; lastKnownFileType = sourcecode.swift; path = AppDelegate.swift; sourceTree = "<group>"; };
		772C1470273B7DAB00BB0127 /* SceneDelegate.swift */ = {isa = PBXFileReference; lastKnownFileType = sourcecode.swift; path = SceneDelegate.swift; sourceTree = "<group>"; };
		772C1475273B7DAB00BB0127 /* Base */ = {isa = PBXFileReference; lastKnownFileType = file.storyboard; name = Base; path = Base.lproj/Main.storyboard; sourceTree = "<group>"; };
		772C1477273B7DAE00BB0127 /* Assets.xcassets */ = {isa = PBXFileReference; lastKnownFileType = folder.assetcatalog; path = Assets.xcassets; sourceTree = "<group>"; };
		772C147A273B7DAE00BB0127 /* Base */ = {isa = PBXFileReference; lastKnownFileType = file.storyboard; name = Base; path = Base.lproj/LaunchScreen.storyboard; sourceTree = "<group>"; };
		772C147C273B7DAE00BB0127 /* Info.plist */ = {isa = PBXFileReference; lastKnownFileType = text.plist.xml; path = Info.plist; sourceTree = "<group>"; };
		772C1482273CF9D500BB0127 /* CalendarVC.swift */ = {isa = PBXFileReference; lastKnownFileType = sourcecode.swift; path = CalendarVC.swift; sourceTree = "<group>"; };
		773966012764CD860017FB10 /* GoogleService-Info.plist */ = {isa = PBXFileReference; fileEncoding = 4; lastKnownFileType = text.plist.xml; path = "GoogleService-Info.plist"; sourceTree = "<group>"; };
		7744C57B2742C0F000325814 /* UIViewController+.swift */ = {isa = PBXFileReference; lastKnownFileType = sourcecode.swift; path = "UIViewController+.swift"; sourceTree = "<group>"; };
		779015B82742E38300F83ACD /* WriteSB.storyboard */ = {isa = PBXFileReference; lastKnownFileType = file.storyboard; path = WriteSB.storyboard; sourceTree = "<group>"; };
		779015BA2742E51A00F83ACD /* WriteVC.swift */ = {isa = PBXFileReference; lastKnownFileType = sourcecode.swift; path = WriteVC.swift; sourceTree = "<group>"; };
		779015BC2743ACE800F83ACD /* CalendarNaviController.swift */ = {isa = PBXFileReference; lastKnownFileType = sourcecode.swift; name = CalendarNaviController.swift; path = Vegin_iOS/Screen/Write/VC/CalendarNaviController.swift; sourceTree = SOURCE_ROOT; };
		77ED047627B691F800D077CA /* StoryboardRepresentation.swift */ = {isa = PBXFileReference; lastKnownFileType = sourcecode.swift; path = StoryboardRepresentation.swift; sourceTree = "<group>"; };
		77ED047827B6927E00D077CA /* BaseNC.swift */ = {isa = PBXFileReference; lastKnownFileType = sourcecode.swift; path = BaseNC.swift; sourceTree = "<group>"; };
		77ED047A27B692B500D077CA /* BaseTVC.swift */ = {isa = PBXFileReference; lastKnownFileType = sourcecode.swift; path = BaseTVC.swift; sourceTree = "<group>"; };
		77ED047C27B692E500D077CA /* TVRegisterable.swift */ = {isa = PBXFileReference; lastKnownFileType = sourcecode.swift; path = TVRegisterable.swift; sourceTree = "<group>"; };
		77ED047E27B6930000D077CA /* CVRegisterable.swift */ = {isa = PBXFileReference; lastKnownFileType = sourcecode.swift; path = CVRegisterable.swift; sourceTree = "<group>"; };
		77ED048027B6932D00D077CA /* BaseCVC.swift */ = {isa = PBXFileReference; lastKnownFileType = sourcecode.swift; path = BaseCVC.swift; sourceTree = "<group>"; };
		77ED048227B693CB00D077CA /* Identifiers.swift */ = {isa = PBXFileReference; lastKnownFileType = sourcecode.swift; path = Identifiers.swift; sourceTree = "<group>"; };
		77ED048427B6944300D077CA /* NaviType.swift */ = {isa = PBXFileReference; lastKnownFileType = sourcecode.swift; path = NaviType.swift; sourceTree = "<group>"; };
		77ED048627B6965D00D077CA /* UIView+.swift */ = {isa = PBXFileReference; lastKnownFileType = sourcecode.swift; path = "UIView+.swift"; sourceTree = "<group>"; };
		77ED048827B697C900D077CA /* UITextField+.swift */ = {isa = PBXFileReference; lastKnownFileType = sourcecode.swift; path = "UITextField+.swift"; sourceTree = "<group>"; };
		77ED048A27B6994900D077CA /* UIButton+.swift */ = {isa = PBXFileReference; lastKnownFileType = sourcecode.swift; path = "UIButton+.swift"; sourceTree = "<group>"; };
		77ED048C27B699A700D077CA /* UIColor+.swift */ = {isa = PBXFileReference; lastKnownFileType = sourcecode.swift; path = "UIColor+.swift"; sourceTree = "<group>"; };
		77ED048E27B6C46900D077CA /* UILabel+.swift */ = {isa = PBXFileReference; lastKnownFileType = sourcecode.swift; path = "UILabel+.swift"; sourceTree = "<group>"; };
		77ED049027B6C4FC00D077CA /* UserDefaults+.swift */ = {isa = PBXFileReference; lastKnownFileType = sourcecode.swift; path = "UserDefaults+.swift"; sourceTree = "<group>"; };
		77ED049227B6C87200D077CA /* UITextView+.swift */ = {isa = PBXFileReference; lastKnownFileType = sourcecode.swift; path = "UITextView+.swift"; sourceTree = "<group>"; };
		77ED049427B6C8BA00D077CA /* Adjusted+.swift */ = {isa = PBXFileReference; lastKnownFileType = sourcecode.swift; path = "Adjusted+.swift"; sourceTree = "<group>"; };
		77FE1733274B860C00F95F0D /* CustomPopUpVC.swift */ = {isa = PBXFileReference; lastKnownFileType = sourcecode.swift; path = CustomPopUpVC.swift; sourceTree = "<group>"; };
		77FE1734274B860C00F95F0D /* CustomPopUpVC.xib */ = {isa = PBXFileReference; lastKnownFileType = file.xib; path = CustomPopUpVC.xib; sourceTree = "<group>"; };
		77FE1737274D2EC700F95F0D /* VeginTBC.swift */ = {isa = PBXFileReference; lastKnownFileType = sourcecode.swift; path = VeginTBC.swift; sourceTree = "<group>"; };
		77FE173B274D8F7400F95F0D /* FarmVC.swift */ = {isa = PBXFileReference; lastKnownFileType = sourcecode.swift; path = FarmVC.swift; sourceTree = "<group>"; };
		81674B682E3C2F3F4442D9A7 /* Pods-Vegin_iOS.debug.xcconfig */ = {isa = PBXFileReference; includeInIndex = 1; lastKnownFileType = text.xcconfig; name = "Pods-Vegin_iOS.debug.xcconfig"; path = "Target Support Files/Pods-Vegin_iOS/Pods-Vegin_iOS.debug.xcconfig"; sourceTree = "<group>"; };
/* End PBXFileReference section */

/* Begin PBXFrameworksBuildPhase section */
		772C1468273B7DAB00BB0127 /* Frameworks */ = {
			isa = PBXFrameworksBuildPhase;
			buildActionMask = 2147483647;
			files = (
				EECC6F26D6F157BF59080165 /* Pods_Vegin_iOS.framework in Frameworks */,
			);
			runOnlyForDeploymentPostprocessing = 0;
		};
/* End PBXFrameworksBuildPhase section */

/* Begin PBXGroup section */
		06C5EDBFBC5737FF9FF44FD6 /* Pods */ = {
			isa = PBXGroup;
			children = (
				81674B682E3C2F3F4442D9A7 /* Pods-Vegin_iOS.debug.xcconfig */,
				4633DCDA9E2208418F65B04D /* Pods-Vegin_iOS.release.xcconfig */,
			);
			path = Pods;
			sourceTree = "<group>";
		};
		772C1462273B7DAB00BB0127 = {
			isa = PBXGroup;
			children = (
				772C146D273B7DAB00BB0127 /* Vegin_iOS */,
				772C146C273B7DAB00BB0127 /* Products */,
				06C5EDBFBC5737FF9FF44FD6 /* Pods */,
				987A9D7F730175B9FB161044 /* Frameworks */,
			);
			sourceTree = "<group>";
		};
		772C146C273B7DAB00BB0127 /* Products */ = {
			isa = PBXGroup;
			children = (
				772C146B273B7DAB00BB0127 /* Vegin_iOS.app */,
			);
			name = Products;
			sourceTree = "<group>";
		};
		772C146D273B7DAB00BB0127 /* Vegin_iOS */ = {
			isa = PBXGroup;
			children = (
				77ED045627B4254500D077CA /* Global */,
				77ED045827B4257700D077CA /* Network */,
				77ED045727B4255D00D077CA /* Screen */,
				7744C5762742BDD500325814 /* Support */,
			);
			path = Vegin_iOS;
			sourceTree = "<group>";
		};
		7744C5712742BD5900325814 /* Protocol */ = {
			isa = PBXGroup;
			children = (
				77ED047C27B692E500D077CA /* TVRegisterable.swift */,
				77ED047E27B6930000D077CA /* CVRegisterable.swift */,
			);
			path = Protocol;
			sourceTree = "<group>";
		};
		7744C5722742BD7100325814 /* Extension */ = {
			isa = PBXGroup;
			children = (
				7744C57B2742C0F000325814 /* UIViewController+.swift */,
				77ED048627B6965D00D077CA /* UIView+.swift */,
				77ED048827B697C900D077CA /* UITextField+.swift */,
				77ED048A27B6994900D077CA /* UIButton+.swift */,
				77ED048C27B699A700D077CA /* UIColor+.swift */,
				77ED048E27B6C46900D077CA /* UILabel+.swift */,
				77ED049027B6C4FC00D077CA /* UserDefaults+.swift */,
				77ED049227B6C87200D077CA /* UITextView+.swift */,
				77ED049427B6C8BA00D077CA /* Adjusted+.swift */,
			);
			path = Extension;
			sourceTree = "<group>";
		};
		7744C5762742BDD500325814 /* Support */ = {
			isa = PBXGroup;
			children = (
				772C146E273B7DAB00BB0127 /* AppDelegate.swift */,
				772C1470273B7DAB00BB0127 /* SceneDelegate.swift */,
				772C1477273B7DAE00BB0127 /* Assets.xcassets */,
				772C147C273B7DAE00BB0127 /* Info.plist */,
				773966012764CD860017FB10 /* GoogleService-Info.plist */,
			);
			path = Support;
			sourceTree = "<group>";
		};
		7744C5792742BE0700325814 /* Storyboard */ = {
			isa = PBXGroup;
			children = (
				772C1474273B7DAB00BB0127 /* Main.storyboard */,
				772C1479273B7DAE00BB0127 /* LaunchScreen.storyboard */,
			);
			path = Storyboard;
			sourceTree = "<group>";
		};
		77ED045627B4254500D077CA /* Global */ = {
			isa = PBXGroup;
			children = (
				77ED047427B42D0D00D077CA /* Factory */,
				77ED047227B42CD800D077CA /* Class */,
				77ED047327B42CEF00D077CA /* Struct */,
				7744C5712742BD5900325814 /* Protocol */,
				77ED046D27B42A6200D077CA /* UIComponent */,
				7744C5792742BE0700325814 /* Storyboard */,
				7744C5722742BD7100325814 /* Extension */,
			);
			path = Global;
			sourceTree = "<group>";
		};
		77ED045727B4255D00D077CA /* Screen */ = {
			isa = PBXGroup;
			children = (
				77ED047027B42B1200D077CA /* TabBar */,
				77ED045C27B4265E00D077CA /* Home */,
				77ED045B27B4262500D077CA /* Write */,
				77ED045A27B425DB00D077CA /* Feed */,
				77ED045927B425CC00D077CA /* Mypage */,
			);
			path = Screen;
			sourceTree = "<group>";
		};
		77ED045827B4257700D077CA /* Network */ = {
			isa = PBXGroup;
			children = (
			);
			path = Network;
			sourceTree = "<group>";
		};
		77ED045927B425CC00D077CA /* Mypage */ = {
			isa = PBXGroup;
			children = (
				77ED046C27B4274900D077CA /* SB */,
				77ED046B27B4274400D077CA /* VC */,
				77ED046A27B4273F00D077CA /* Cell */,
				77ED046927B4273A00D077CA /* Xib */,
			);
			path = Mypage;
			sourceTree = "<group>";
		};
		77ED045A27B425DB00D077CA /* Feed */ = {
			isa = PBXGroup;
			children = (
				77ED046827B4272B00D077CA /* SB */,
				77ED046727B4272700D077CA /* VC */,
				77ED046627B4272100D077CA /* Cell */,
				77ED046527B4271B00D077CA /* Xib */,
			);
			path = Feed;
			sourceTree = "<group>";
		};
		77ED045B27B4262500D077CA /* Write */ = {
			isa = PBXGroup;
			children = (
				77ED046427B426E900D077CA /* SB */,
				77ED046327B426E300D077CA /* VC */,
				77ED046227B426D800D077CA /* Cell */,
				77ED046127B426C700D077CA /* Xib */,
			);
			path = Write;
			sourceTree = "<group>";
		};
		77ED045C27B4265E00D077CA /* Home */ = {
			isa = PBXGroup;
			children = (
				77ED045D27B4269400D077CA /* SB */,
				77ED045E27B4269B00D077CA /* VC */,
				77ED045F27B426A200D077CA /* Cell */,
				77ED046027B426A900D077CA /* Xib */,
			);
			path = Home;
			sourceTree = "<group>";
		};
		77ED045D27B4269400D077CA /* SB */ = {
			isa = PBXGroup;
			children = (
			);
			path = SB;
			sourceTree = "<group>";
		};
		77ED045E27B4269B00D077CA /* VC */ = {
			isa = PBXGroup;
			children = (
				77FE173B274D8F7400F95F0D /* FarmVC.swift */,
			);
			path = VC;
			sourceTree = "<group>";
		};
		77ED045F27B426A200D077CA /* Cell */ = {
			isa = PBXGroup;
			children = (
			);
			path = Cell;
			sourceTree = "<group>";
		};
		77ED046027B426A900D077CA /* Xib */ = {
			isa = PBXGroup;
			children = (
			);
			path = Xib;
			sourceTree = "<group>";
		};
		77ED046127B426C700D077CA /* Xib */ = {
			isa = PBXGroup;
			children = (
			);
			path = Xib;
			sourceTree = "<group>";
		};
		77ED046227B426D800D077CA /* Cell */ = {
			isa = PBXGroup;
			children = (
			);
			path = Cell;
			sourceTree = "<group>";
		};
		77ED046327B426E300D077CA /* VC */ = {
			isa = PBXGroup;
			children = (
				779015BA2742E51A00F83ACD /* WriteVC.swift */,
				772C1482273CF9D500BB0127 /* CalendarVC.swift */,
				779015BC2743ACE800F83ACD /* CalendarNaviController.swift */,
			);
			path = VC;
			sourceTree = "<group>";
		};
		77ED046427B426E900D077CA /* SB */ = {
			isa = PBXGroup;
			children = (
				779015B82742E38300F83ACD /* WriteSB.storyboard */,
			);
			path = SB;
			sourceTree = "<group>";
		};
		77ED046527B4271B00D077CA /* Xib */ = {
			isa = PBXGroup;
			children = (
			);
			path = Xib;
			sourceTree = "<group>";
		};
		77ED046627B4272100D077CA /* Cell */ = {
			isa = PBXGroup;
			children = (
			);
			path = Cell;
			sourceTree = "<group>";
		};
		77ED046727B4272700D077CA /* VC */ = {
			isa = PBXGroup;
			children = (
			);
			path = VC;
			sourceTree = "<group>";
		};
		77ED046827B4272B00D077CA /* SB */ = {
			isa = PBXGroup;
			children = (
			);
			path = SB;
			sourceTree = "<group>";
		};
		77ED046927B4273A00D077CA /* Xib */ = {
			isa = PBXGroup;
			children = (
			);
			path = Xib;
			sourceTree = "<group>";
		};
		77ED046A27B4273F00D077CA /* Cell */ = {
			isa = PBXGroup;
			children = (
			);
			path = Cell;
			sourceTree = "<group>";
		};
		77ED046B27B4274400D077CA /* VC */ = {
			isa = PBXGroup;
			children = (
			);
			path = VC;
			sourceTree = "<group>";
		};
		77ED046C27B4274900D077CA /* SB */ = {
			isa = PBXGroup;
			children = (
			);
			path = SB;
			sourceTree = "<group>";
		};
		77ED046D27B42A6200D077CA /* UIComponent */ = {
			isa = PBXGroup;
			children = (
				77ED046F27B42A8500D077CA /* Class */,
				77ED046E27B42A7E00D077CA /* Xib */,
			);
			path = UIComponent;
			sourceTree = "<group>";
		};
		77ED046E27B42A7E00D077CA /* Xib */ = {
			isa = PBXGroup;
			children = (
				77FE1734274B860C00F95F0D /* CustomPopUpVC.xib */,
			);
			name = Xib;
			path = "../New Group/Xib";
			sourceTree = "<group>";
		};
		77ED046F27B42A8500D077CA /* Class */ = {
			isa = PBXGroup;
			children = (
				77FE1733274B860C00F95F0D /* CustomPopUpVC.swift */,
			);
			path = Class;
			sourceTree = "<group>";
		};
		77ED047027B42B1200D077CA /* TabBar */ = {
			isa = PBXGroup;
			children = (
				77ED047127B42B3200D077CA /* VC */,
			);
			path = TabBar;
			sourceTree = "<group>";
		};
		77ED047127B42B3200D077CA /* VC */ = {
			isa = PBXGroup;
			children = (
				77FE1737274D2EC700F95F0D /* VeginTBC.swift */,
			);
			path = VC;
			sourceTree = "<group>";
		};
		77ED047227B42CD800D077CA /* Class */ = {
			isa = PBXGroup;
			children = (
				77ED047827B6927E00D077CA /* BaseNC.swift */,
				77ED047A27B692B500D077CA /* BaseTVC.swift */,
				77ED048027B6932D00D077CA /* BaseCVC.swift */,
			);
			path = Class;
			sourceTree = "<group>";
		};
		77ED047327B42CEF00D077CA /* Struct */ = {
			isa = PBXGroup;
			children = (
				77ED048227B693CB00D077CA /* Identifiers.swift */,
				77ED048427B6944300D077CA /* NaviType.swift */,
			);
			path = Struct;
			sourceTree = "<group>";
		};
		77ED047427B42D0D00D077CA /* Factory */ = {
			isa = PBXGroup;
			children = (
				77ED047627B691F800D077CA /* StoryboardRepresentation.swift */,
			);
			path = Factory;
			sourceTree = "<group>";
		};
		987A9D7F730175B9FB161044 /* Frameworks */ = {
			isa = PBXGroup;
			children = (
				24999E6C3C90A75DE12BA65A /* Pods_Vegin_iOS.framework */,
			);
			name = Frameworks;
			sourceTree = "<group>";
		};
/* End PBXGroup section */

/* Begin PBXNativeTarget section */
		772C146A273B7DAB00BB0127 /* Vegin_iOS */ = {
			isa = PBXNativeTarget;
			buildConfigurationList = 772C147F273B7DAE00BB0127 /* Build configuration list for PBXNativeTarget "Vegin_iOS" */;
			buildPhases = (
				F490122E51FFF25B457AA0F6 /* [CP] Check Pods Manifest.lock */,
				772C1467273B7DAB00BB0127 /* Sources */,
				772C1468273B7DAB00BB0127 /* Frameworks */,
				772C1469273B7DAB00BB0127 /* Resources */,
				2E28CFBD5429B0418D776372 /* [CP] Embed Pods Frameworks */,
			);
			buildRules = (
			);
			dependencies = (
			);
			name = Vegin_iOS;
			productName = Vegin_iOS;
			productReference = 772C146B273B7DAB00BB0127 /* Vegin_iOS.app */;
			productType = "com.apple.product-type.application";
		};
/* End PBXNativeTarget section */

/* Begin PBXProject section */
		772C1463273B7DAB00BB0127 /* Project object */ = {
			isa = PBXProject;
			attributes = {
				BuildIndependentTargetsInParallel = 1;
				LastSwiftUpdateCheck = 1300;
				LastUpgradeCheck = 1300;
				TargetAttributes = {
					772C146A273B7DAB00BB0127 = {
						CreatedOnToolsVersion = 13.0;
					};
				};
			};
			buildConfigurationList = 772C1466273B7DAB00BB0127 /* Build configuration list for PBXProject "Vegin_iOS" */;
			compatibilityVersion = "Xcode 13.0";
			developmentRegion = en;
			hasScannedForEncodings = 0;
			knownRegions = (
				en,
				Base,
			);
			mainGroup = 772C1462273B7DAB00BB0127;
			productRefGroup = 772C146C273B7DAB00BB0127 /* Products */;
			projectDirPath = "";
			projectRoot = "";
			targets = (
				772C146A273B7DAB00BB0127 /* Vegin_iOS */,
			);
		};
/* End PBXProject section */

/* Begin PBXResourcesBuildPhase section */
		772C1469273B7DAB00BB0127 /* Resources */ = {
			isa = PBXResourcesBuildPhase;
			buildActionMask = 2147483647;
			files = (
				77FE1736274B860C00F95F0D /* CustomPopUpVC.xib in Resources */,
				772C147B273B7DAE00BB0127 /* LaunchScreen.storyboard in Resources */,
				772C1478273B7DAE00BB0127 /* Assets.xcassets in Resources */,
				779015B92742E38300F83ACD /* WriteSB.storyboard in Resources */,
				772C1476273B7DAB00BB0127 /* Main.storyboard in Resources */,
				773966022764CD860017FB10 /* GoogleService-Info.plist in Resources */,
			);
			runOnlyForDeploymentPostprocessing = 0;
		};
/* End PBXResourcesBuildPhase section */

/* Begin PBXShellScriptBuildPhase section */
		2E28CFBD5429B0418D776372 /* [CP] Embed Pods Frameworks */ = {
			isa = PBXShellScriptBuildPhase;
			buildActionMask = 2147483647;
			files = (
			);
			inputFileListPaths = (
				"${PODS_ROOT}/Target Support Files/Pods-Vegin_iOS/Pods-Vegin_iOS-frameworks-${CONFIGURATION}-input-files.xcfilelist",
			);
			name = "[CP] Embed Pods Frameworks";
			outputFileListPaths = (
				"${PODS_ROOT}/Target Support Files/Pods-Vegin_iOS/Pods-Vegin_iOS-frameworks-${CONFIGURATION}-output-files.xcfilelist",
			);
			runOnlyForDeploymentPostprocessing = 0;
			shellPath = /bin/sh;
			shellScript = "\"${PODS_ROOT}/Target Support Files/Pods-Vegin_iOS/Pods-Vegin_iOS-frameworks.sh\"\n";
			showEnvVarsInLog = 0;
		};
		F490122E51FFF25B457AA0F6 /* [CP] Check Pods Manifest.lock */ = {
			isa = PBXShellScriptBuildPhase;
			buildActionMask = 2147483647;
			files = (
			);
			inputFileListPaths = (
			);
			inputPaths = (
				"${PODS_PODFILE_DIR_PATH}/Podfile.lock",
				"${PODS_ROOT}/Manifest.lock",
			);
			name = "[CP] Check Pods Manifest.lock";
			outputFileListPaths = (
			);
			outputPaths = (
				"$(DERIVED_FILE_DIR)/Pods-Vegin_iOS-checkManifestLockResult.txt",
			);
			runOnlyForDeploymentPostprocessing = 0;
			shellPath = /bin/sh;
			shellScript = "diff \"${PODS_PODFILE_DIR_PATH}/Podfile.lock\" \"${PODS_ROOT}/Manifest.lock\" > /dev/null\nif [ $? != 0 ] ; then\n    # print error to STDERR\n    echo \"error: The sandbox is not in sync with the Podfile.lock. Run 'pod install' or update your CocoaPods installation.\" >&2\n    exit 1\nfi\n# This output is used by Xcode 'outputs' to avoid re-running this script phase.\necho \"SUCCESS\" > \"${SCRIPT_OUTPUT_FILE_0}\"\n";
			showEnvVarsInLog = 0;
		};
/* End PBXShellScriptBuildPhase section */

/* Begin PBXSourcesBuildPhase section */
		772C1467273B7DAB00BB0127 /* Sources */ = {
			isa = PBXSourcesBuildPhase;
			buildActionMask = 2147483647;
			files = (
				772C146F273B7DAB00BB0127 /* AppDelegate.swift in Sources */,
				772C1471273B7DAB00BB0127 /* SceneDelegate.swift in Sources */,
				779015BB2742E51A00F83ACD /* WriteVC.swift in Sources */,
				77ED049527B6C8BA00D077CA /* Adjusted+.swift in Sources */,
				77ED047927B6927E00D077CA /* BaseNC.swift in Sources */,
				77ED047727B691F800D077CA /* StoryboardRepresentation.swift in Sources */,
				77ED048527B6944300D077CA /* NaviType.swift in Sources */,
				77FE1738274D2EC800F95F0D /* VeginTBC.swift in Sources */,
				7744C57C2742C0F000325814 /* UIViewController+.swift in Sources */,
				77ED048F27B6C46900D077CA /* UILabel+.swift in Sources */,
				77ED047D27B692E500D077CA /* TVRegisterable.swift in Sources */,
				77ED048927B697C900D077CA /* UITextField+.swift in Sources */,
				77ED048327B693CB00D077CA /* Identifiers.swift in Sources */,
				77ED049127B6C4FC00D077CA /* UserDefaults+.swift in Sources */,
				77ED049327B6C87200D077CA /* UITextView+.swift in Sources */,
				77FE173C274D8F7400F95F0D /* FarmVC.swift in Sources */,
				779015BD2743ACE800F83ACD /* CalendarNaviController.swift in Sources */,
				77ED047F27B6930000D077CA /* CVRegisterable.swift in Sources */,
				77FE1735274B860C00F95F0D /* CustomPopUpVC.swift in Sources */,
				77ED048727B6965D00D077CA /* UIView+.swift in Sources */,
				772C1483273CF9D500BB0127 /* CalendarVC.swift in Sources */,
				77ED047B27B692B500D077CA /* BaseTVC.swift in Sources */,
				77ED048127B6932D00D077CA /* BaseCVC.swift in Sources */,
				77ED048B27B6994900D077CA /* UIButton+.swift in Sources */,
				77ED048D27B699A700D077CA /* UIColor+.swift in Sources */,
			);
			runOnlyForDeploymentPostprocessing = 0;
		};
/* End PBXSourcesBuildPhase section */

/* Begin PBXVariantGroup section */
		772C1474273B7DAB00BB0127 /* Main.storyboard */ = {
			isa = PBXVariantGroup;
			children = (
				772C1475273B7DAB00BB0127 /* Base */,
			);
			name = Main.storyboard;
			sourceTree = "<group>";
		};
		772C1479273B7DAE00BB0127 /* LaunchScreen.storyboard */ = {
			isa = PBXVariantGroup;
			children = (
				772C147A273B7DAE00BB0127 /* Base */,
			);
			name = LaunchScreen.storyboard;
			sourceTree = "<group>";
		};
/* End PBXVariantGroup section */

/* Begin XCBuildConfiguration section */
		772C147D273B7DAE00BB0127 /* Debug */ = {
			isa = XCBuildConfiguration;
			buildSettings = {
				ALWAYS_SEARCH_USER_PATHS = NO;
				CLANG_ANALYZER_NONNULL = YES;
				CLANG_ANALYZER_NUMBER_OBJECT_CONVERSION = YES_AGGRESSIVE;
				CLANG_CXX_LANGUAGE_STANDARD = "gnu++17";
				CLANG_CXX_LIBRARY = "libc++";
				CLANG_ENABLE_MODULES = YES;
				CLANG_ENABLE_OBJC_ARC = YES;
				CLANG_ENABLE_OBJC_WEAK = YES;
				CLANG_WARN_BLOCK_CAPTURE_AUTORELEASING = YES;
				CLANG_WARN_BOOL_CONVERSION = YES;
				CLANG_WARN_COMMA = YES;
				CLANG_WARN_CONSTANT_CONVERSION = YES;
				CLANG_WARN_DEPRECATED_OBJC_IMPLEMENTATIONS = YES;
				CLANG_WARN_DIRECT_OBJC_ISA_USAGE = YES_ERROR;
				CLANG_WARN_DOCUMENTATION_COMMENTS = YES;
				CLANG_WARN_EMPTY_BODY = YES;
				CLANG_WARN_ENUM_CONVERSION = YES;
				CLANG_WARN_INFINITE_RECURSION = YES;
				CLANG_WARN_INT_CONVERSION = YES;
				CLANG_WARN_NON_LITERAL_NULL_CONVERSION = YES;
				CLANG_WARN_OBJC_IMPLICIT_RETAIN_SELF = YES;
				CLANG_WARN_OBJC_LITERAL_CONVERSION = YES;
				CLANG_WARN_OBJC_ROOT_CLASS = YES_ERROR;
				CLANG_WARN_QUOTED_INCLUDE_IN_FRAMEWORK_HEADER = YES;
				CLANG_WARN_RANGE_LOOP_ANALYSIS = YES;
				CLANG_WARN_STRICT_PROTOTYPES = YES;
				CLANG_WARN_SUSPICIOUS_MOVE = YES;
				CLANG_WARN_UNGUARDED_AVAILABILITY = YES_AGGRESSIVE;
				CLANG_WARN_UNREACHABLE_CODE = YES;
				CLANG_WARN__DUPLICATE_METHOD_MATCH = YES;
				COPY_PHASE_STRIP = NO;
				DEBUG_INFORMATION_FORMAT = dwarf;
				ENABLE_STRICT_OBJC_MSGSEND = YES;
				ENABLE_TESTABILITY = YES;
				GCC_C_LANGUAGE_STANDARD = gnu11;
				GCC_DYNAMIC_NO_PIC = NO;
				GCC_NO_COMMON_BLOCKS = YES;
				GCC_OPTIMIZATION_LEVEL = 0;
				GCC_PREPROCESSOR_DEFINITIONS = (
					"DEBUG=1",
					"$(inherited)",
				);
				GCC_WARN_64_TO_32_BIT_CONVERSION = YES;
				GCC_WARN_ABOUT_RETURN_TYPE = YES_ERROR;
				GCC_WARN_UNDECLARED_SELECTOR = YES;
				GCC_WARN_UNINITIALIZED_AUTOS = YES_AGGRESSIVE;
				GCC_WARN_UNUSED_FUNCTION = YES;
				GCC_WARN_UNUSED_VARIABLE = YES;
				IPHONEOS_DEPLOYMENT_TARGET = 15.0;
				MTL_ENABLE_DEBUG_INFO = INCLUDE_SOURCE;
				MTL_FAST_MATH = YES;
				ONLY_ACTIVE_ARCH = YES;
				SDKROOT = iphoneos;
				SWIFT_ACTIVE_COMPILATION_CONDITIONS = DEBUG;
				SWIFT_OPTIMIZATION_LEVEL = "-Onone";
			};
			name = Debug;
		};
		772C147E273B7DAE00BB0127 /* Release */ = {
			isa = XCBuildConfiguration;
			buildSettings = {
				ALWAYS_SEARCH_USER_PATHS = NO;
				CLANG_ANALYZER_NONNULL = YES;
				CLANG_ANALYZER_NUMBER_OBJECT_CONVERSION = YES_AGGRESSIVE;
				CLANG_CXX_LANGUAGE_STANDARD = "gnu++17";
				CLANG_CXX_LIBRARY = "libc++";
				CLANG_ENABLE_MODULES = YES;
				CLANG_ENABLE_OBJC_ARC = YES;
				CLANG_ENABLE_OBJC_WEAK = YES;
				CLANG_WARN_BLOCK_CAPTURE_AUTORELEASING = YES;
				CLANG_WARN_BOOL_CONVERSION = YES;
				CLANG_WARN_COMMA = YES;
				CLANG_WARN_CONSTANT_CONVERSION = YES;
				CLANG_WARN_DEPRECATED_OBJC_IMPLEMENTATIONS = YES;
				CLANG_WARN_DIRECT_OBJC_ISA_USAGE = YES_ERROR;
				CLANG_WARN_DOCUMENTATION_COMMENTS = YES;
				CLANG_WARN_EMPTY_BODY = YES;
				CLANG_WARN_ENUM_CONVERSION = YES;
				CLANG_WARN_INFINITE_RECURSION = YES;
				CLANG_WARN_INT_CONVERSION = YES;
				CLANG_WARN_NON_LITERAL_NULL_CONVERSION = YES;
				CLANG_WARN_OBJC_IMPLICIT_RETAIN_SELF = YES;
				CLANG_WARN_OBJC_LITERAL_CONVERSION = YES;
				CLANG_WARN_OBJC_ROOT_CLASS = YES_ERROR;
				CLANG_WARN_QUOTED_INCLUDE_IN_FRAMEWORK_HEADER = YES;
				CLANG_WARN_RANGE_LOOP_ANALYSIS = YES;
				CLANG_WARN_STRICT_PROTOTYPES = YES;
				CLANG_WARN_SUSPICIOUS_MOVE = YES;
				CLANG_WARN_UNGUARDED_AVAILABILITY = YES_AGGRESSIVE;
				CLANG_WARN_UNREACHABLE_CODE = YES;
				CLANG_WARN__DUPLICATE_METHOD_MATCH = YES;
				COPY_PHASE_STRIP = NO;
				DEBUG_INFORMATION_FORMAT = "dwarf-with-dsym";
				ENABLE_NS_ASSERTIONS = NO;
				ENABLE_STRICT_OBJC_MSGSEND = YES;
				GCC_C_LANGUAGE_STANDARD = gnu11;
				GCC_NO_COMMON_BLOCKS = YES;
				GCC_WARN_64_TO_32_BIT_CONVERSION = YES;
				GCC_WARN_ABOUT_RETURN_TYPE = YES_ERROR;
				GCC_WARN_UNDECLARED_SELECTOR = YES;
				GCC_WARN_UNINITIALIZED_AUTOS = YES_AGGRESSIVE;
				GCC_WARN_UNUSED_FUNCTION = YES;
				GCC_WARN_UNUSED_VARIABLE = YES;
				IPHONEOS_DEPLOYMENT_TARGET = 15.0;
				MTL_ENABLE_DEBUG_INFO = NO;
				MTL_FAST_MATH = YES;
				SDKROOT = iphoneos;
				SWIFT_COMPILATION_MODE = wholemodule;
				SWIFT_OPTIMIZATION_LEVEL = "-O";
				VALIDATE_PRODUCT = YES;
			};
			name = Release;
		};
		772C1480273B7DAE00BB0127 /* Debug */ = {
			isa = XCBuildConfiguration;
			baseConfigurationReference = 81674B682E3C2F3F4442D9A7 /* Pods-Vegin_iOS.debug.xcconfig */;
			buildSettings = {
				ASSETCATALOG_COMPILER_APPICON_NAME = AppIcon;
				ASSETCATALOG_COMPILER_GLOBAL_ACCENT_COLOR_NAME = AccentColor;
				CODE_SIGN_STYLE = Automatic;
				CURRENT_PROJECT_VERSION = 1;
				DEVELOPMENT_TEAM = 397WA8BG8W;
				GENERATE_INFOPLIST_FILE = YES;
				INFOPLIST_FILE = Vegin_iOS/Support/Info.plist;
				INFOPLIST_KEY_UIApplicationSupportsIndirectInputEvents = YES;
				INFOPLIST_KEY_UILaunchStoryboardName = LaunchScreen;
				INFOPLIST_KEY_UIMainStoryboardFile = Main;
				INFOPLIST_KEY_UISupportedInterfaceOrientations_iPad = "UIInterfaceOrientationPortrait UIInterfaceOrientationPortraitUpsideDown UIInterfaceOrientationLandscapeLeft UIInterfaceOrientationLandscapeRight";
				INFOPLIST_KEY_UISupportedInterfaceOrientations_iPhone = "UIInterfaceOrientationPortrait UIInterfaceOrientationLandscapeLeft UIInterfaceOrientationLandscapeRight";
				LD_RUNPATH_SEARCH_PATHS = (
					"$(inherited)",
					"@executable_path/Frameworks",
				);
				MARKETING_VERSION = 1.0;
				PRODUCT_BUNDLE_IDENTIFIER = "com.eunju.Vegin-iOS";
				PRODUCT_NAME = "$(TARGET_NAME)";
				SWIFT_EMIT_LOC_STRINGS = YES;
				SWIFT_VERSION = 5.0;
				TARGETED_DEVICE_FAMILY = "1,2";
			};
			name = Debug;
		};
		772C1481273B7DAE00BB0127 /* Release */ = {
			isa = XCBuildConfiguration;
			baseConfigurationReference = 4633DCDA9E2208418F65B04D /* Pods-Vegin_iOS.release.xcconfig */;
			buildSettings = {
				ASSETCATALOG_COMPILER_APPICON_NAME = AppIcon;
				ASSETCATALOG_COMPILER_GLOBAL_ACCENT_COLOR_NAME = AccentColor;
				CODE_SIGN_STYLE = Automatic;
				CURRENT_PROJECT_VERSION = 1;
				DEVELOPMENT_TEAM = 397WA8BG8W;
				GENERATE_INFOPLIST_FILE = YES;
				INFOPLIST_FILE = Vegin_iOS/Support/Info.plist;
				INFOPLIST_KEY_UIApplicationSupportsIndirectInputEvents = YES;
				INFOPLIST_KEY_UILaunchStoryboardName = LaunchScreen;
				INFOPLIST_KEY_UIMainStoryboardFile = Main;
				INFOPLIST_KEY_UISupportedInterfaceOrientations_iPad = "UIInterfaceOrientationPortrait UIInterfaceOrientationPortraitUpsideDown UIInterfaceOrientationLandscapeLeft UIInterfaceOrientationLandscapeRight";
				INFOPLIST_KEY_UISupportedInterfaceOrientations_iPhone = "UIInterfaceOrientationPortrait UIInterfaceOrientationLandscapeLeft UIInterfaceOrientationLandscapeRight";
				LD_RUNPATH_SEARCH_PATHS = (
					"$(inherited)",
					"@executable_path/Frameworks",
				);
				MARKETING_VERSION = 1.0;
				PRODUCT_BUNDLE_IDENTIFIER = "com.eunju.Vegin-iOS";
				PRODUCT_NAME = "$(TARGET_NAME)";
				SWIFT_EMIT_LOC_STRINGS = YES;
				SWIFT_VERSION = 5.0;
				TARGETED_DEVICE_FAMILY = "1,2";
			};
			name = Release;
		};
/* End XCBuildConfiguration section */

/* Begin XCConfigurationList section */
		772C1466273B7DAB00BB0127 /* Build configuration list for PBXProject "Vegin_iOS" */ = {
			isa = XCConfigurationList;
			buildConfigurations = (
				772C147D273B7DAE00BB0127 /* Debug */,
				772C147E273B7DAE00BB0127 /* Release */,
			);
			defaultConfigurationIsVisible = 0;
			defaultConfigurationName = Release;
		};
		772C147F273B7DAE00BB0127 /* Build configuration list for PBXNativeTarget "Vegin_iOS" */ = {
			isa = XCConfigurationList;
			buildConfigurations = (
				772C1480273B7DAE00BB0127 /* Debug */,
				772C1481273B7DAE00BB0127 /* Release */,
			);
			defaultConfigurationIsVisible = 0;
			defaultConfigurationName = Release;
		};
/* End XCConfigurationList section */
	};
	rootObject = 772C1463273B7DAB00BB0127 /* Project object */;
}
