// !$*UTF8*$!
{
	archiveVersion = 1;
	classes = {
	};
	objectVersion = 55;
	objects = {

/* Begin PBXBuildFile section */
		5A751C8C27E4CE5C003DCD7C /* HomeNC.swift in Sources */ = {isa = PBXBuildFile; fileRef = 5A751C8B27E4CE5C003DCD7C /* HomeNC.swift */; };
		5A95325927E1375E001E72A3 /* CharacterBookVC.swift in Sources */ = {isa = PBXBuildFile; fileRef = 5A95325827E1375E001E72A3 /* CharacterBookVC.swift */; };
		772C146F273B7DAB00BB0127 /* AppDelegate.swift in Sources */ = {isa = PBXBuildFile; fileRef = 772C146E273B7DAB00BB0127 /* AppDelegate.swift */; };
		772C1471273B7DAB00BB0127 /* SceneDelegate.swift in Sources */ = {isa = PBXBuildFile; fileRef = 772C1470273B7DAB00BB0127 /* SceneDelegate.swift */; };
		772C1476273B7DAB00BB0127 /* Main.storyboard in Resources */ = {isa = PBXBuildFile; fileRef = 772C1474273B7DAB00BB0127 /* Main.storyboard */; };
		772C1478273B7DAE00BB0127 /* Assets.xcassets in Resources */ = {isa = PBXBuildFile; fileRef = 772C1477273B7DAE00BB0127 /* Assets.xcassets */; };
		772C147B273B7DAE00BB0127 /* LaunchScreen.storyboard in Resources */ = {isa = PBXBuildFile; fileRef = 772C1479273B7DAE00BB0127 /* LaunchScreen.storyboard */; };
		772C1483273CF9D500BB0127 /* CalendarVC.swift in Sources */ = {isa = PBXBuildFile; fileRef = 772C1482273CF9D500BB0127 /* CalendarVC.swift */; };
		7742884327EDEB1E001A7CFA /* SignInSB.storyboard in Resources */ = {isa = PBXBuildFile; fileRef = 7742884227EDEB1E001A7CFA /* SignInSB.storyboard */; };
		7742884727EE18CB001A7CFA /* SignInVC.swift in Sources */ = {isa = PBXBuildFile; fileRef = 7742884627EE18CB001A7CFA /* SignInVC.swift */; };
		7742884C27F14512001A7CFA /* SignUpSB.storyboard in Resources */ = {isa = PBXBuildFile; fileRef = 7742884B27F14512001A7CFA /* SignUpSB.storyboard */; };
		7742884E27F15462001A7CFA /* NickNameVC.swift in Sources */ = {isa = PBXBuildFile; fileRef = 7742884D27F15462001A7CFA /* NickNameVC.swift */; };
		7742885027F154DB001A7CFA /* SignUpVC.swift in Sources */ = {isa = PBXBuildFile; fileRef = 7742884F27F154DA001A7CFA /* SignUpVC.swift */; };
		7742885227F159E3001A7CFA /* SignUpNVC.swift in Sources */ = {isa = PBXBuildFile; fileRef = 7742885127F159E3001A7CFA /* SignUpNVC.swift */; };
		7742885927F40CCD001A7CFA /* APIConstants.swift in Sources */ = {isa = PBXBuildFile; fileRef = 7742885827F40CCD001A7CFA /* APIConstants.swift */; };
		7742885B27F40CF9001A7CFA /* NetworkResult.swift in Sources */ = {isa = PBXBuildFile; fileRef = 7742885A27F40CF9001A7CFA /* NetworkResult.swift */; };
		7742885D27F40D19001A7CFA /* GenericResponse.swift in Sources */ = {isa = PBXBuildFile; fileRef = 7742885C27F40D19001A7CFA /* GenericResponse.swift */; };
		7742885F27F40EF5001A7CFA /* BaseTargetType.swift in Sources */ = {isa = PBXBuildFile; fileRef = 7742885E27F40EF5001A7CFA /* BaseTargetType.swift */; };
		7742886127F40F1D001A7CFA /* DietService.swift in Sources */ = {isa = PBXBuildFile; fileRef = 7742886027F40F1D001A7CFA /* DietService.swift */; };
		7742886327F40F7B001A7CFA /* NetworkLoggerPlugin.swift in Sources */ = {isa = PBXBuildFile; fileRef = 7742886227F40F7B001A7CFA /* NetworkLoggerPlugin.swift */; };
		7742886527F40FCB001A7CFA /* DietAPI.swift in Sources */ = {isa = PBXBuildFile; fileRef = 7742886427F40FCB001A7CFA /* DietAPI.swift */; };
		7742886827F6C8E0001A7CFA /* SignInDataModel.swift in Sources */ = {isa = PBXBuildFile; fileRef = 7742886727F6C8E0001A7CFA /* SignInDataModel.swift */; };
		7742886A27F6CA24001A7CFA /* SignAPI.swift in Sources */ = {isa = PBXBuildFile; fileRef = 7742886927F6CA24001A7CFA /* SignAPI.swift */; };
		7742886C27F6CA36001A7CFA /* SignService.swift in Sources */ = {isa = PBXBuildFile; fileRef = 7742886B27F6CA36001A7CFA /* SignService.swift */; };
		7742889227FACE89001A7CFA /* SignUpDataModel.swift in Sources */ = {isa = PBXBuildFile; fileRef = 7742889127FACE89001A7CFA /* SignUpDataModel.swift */; };
		7744C57C2742C0F000325814 /* UIViewController+.swift in Sources */ = {isa = PBXBuildFile; fileRef = 7744C57B2742C0F000325814 /* UIViewController+.swift */; };
		7756F9AD27FDFDB8006F6EF3 /* CharacterBookCVC.swift in Sources */ = {isa = PBXBuildFile; fileRef = 7756F9AB27FDFDB8006F6EF3 /* CharacterBookCVC.swift */; };
		7756F9AE27FDFDB8006F6EF3 /* CharacterBookCVC.xib in Resources */ = {isa = PBXBuildFile; fileRef = 7756F9AC27FDFDB8006F6EF3 /* CharacterBookCVC.xib */; };
		7756F9B027FDFE08006F6EF3 /* FeedWriteVC.swift in Sources */ = {isa = PBXBuildFile; fileRef = 7756F9AF27FDFE08006F6EF3 /* FeedWriteVC.swift */; };
		7756F9B227FDFEBA006F6EF3 /* HomeSB.storyboard in Resources */ = {isa = PBXBuildFile; fileRef = 7756F9B127FDFEBA006F6EF3 /* HomeSB.storyboard */; };
		7756F9B427FDFF03006F6EF3 /* FeedWriteSB.storyboard in Resources */ = {isa = PBXBuildFile; fileRef = 7756F9B327FDFF03006F6EF3 /* FeedWriteSB.storyboard */; };
		7757285727C8C11E00148C9A /* FeedMainVC.swift in Sources */ = {isa = PBXBuildFile; fileRef = 7757285627C8C11E00148C9A /* FeedMainVC.swift */; };
		7757285B27C8C31400148C9A /* FeedMainTitleTVC.swift in Sources */ = {isa = PBXBuildFile; fileRef = 7757285927C8C31400148C9A /* FeedMainTitleTVC.swift */; };
		7757285C27C8C31400148C9A /* FeedMainTitleTVC.xib in Resources */ = {isa = PBXBuildFile; fileRef = 7757285A27C8C31400148C9A /* FeedMainTitleTVC.xib */; };
		7757285F27C8C7C300148C9A /* FeedMainPostTVC.swift in Sources */ = {isa = PBXBuildFile; fileRef = 7757285D27C8C7C300148C9A /* FeedMainPostTVC.swift */; };
		7757286027C8C7C300148C9A /* FeedMainPostTVC.xib in Resources */ = {isa = PBXBuildFile; fileRef = 7757285E27C8C7C300148C9A /* FeedMainPostTVC.xib */; };
		7757286727C8CF0700148C9A /* FeedMainEmptyTVC.swift in Sources */ = {isa = PBXBuildFile; fileRef = 7757286527C8CF0700148C9A /* FeedMainEmptyTVC.swift */; };
		7757286827C8CF0700148C9A /* FeedMainEmptyTVC.xib in Resources */ = {isa = PBXBuildFile; fileRef = 7757286627C8CF0700148C9A /* FeedMainEmptyTVC.xib */; };
		7757286C27C8DAF600148C9A /* AppContentDataModel.swift in Sources */ = {isa = PBXBuildFile; fileRef = 7757286B27C8DAF600148C9A /* AppContentDataModel.swift */; };
		7757286E27CBDADA00148C9A /* BaseVC.swift in Sources */ = {isa = PBXBuildFile; fileRef = 7757286D27CBDADA00148C9A /* BaseVC.swift */; };
		7757287627CD301E00148C9A /* DietListSB.storyboard in Resources */ = {isa = PBXBuildFile; fileRef = 7757287527CD301E00148C9A /* DietListSB.storyboard */; };
		7757287827CD337D00148C9A /* DietListVC.swift in Sources */ = {isa = PBXBuildFile; fileRef = 7757287727CD337D00148C9A /* DietListVC.swift */; };
		7757288027CE0F9500148C9A /* DietListTVC.swift in Sources */ = {isa = PBXBuildFile; fileRef = 7757287E27CE0F9500148C9A /* DietListTVC.swift */; };
		7757288127CE0F9500148C9A /* DietListTVC.xib in Resources */ = {isa = PBXBuildFile; fileRef = 7757287F27CE0F9500148C9A /* DietListTVC.xib */; };
		7757288827D0B0E400148C9A /* Pretendard-Bold.otf in Resources */ = {isa = PBXBuildFile; fileRef = 7757288327D0B0E200148C9A /* Pretendard-Bold.otf */; };
		7757288927D0B0E400148C9A /* Pretendard-Medium.otf in Resources */ = {isa = PBXBuildFile; fileRef = 7757288427D0B0E200148C9A /* Pretendard-Medium.otf */; };
		7757288A27D0B0E400148C9A /* Pretendard-Regular.otf in Resources */ = {isa = PBXBuildFile; fileRef = 7757288527D0B0E300148C9A /* Pretendard-Regular.otf */; };
		7757288B27D0B0E400148C9A /* Pretendard-SemiBold.otf in Resources */ = {isa = PBXBuildFile; fileRef = 7757288627D0B0E300148C9A /* Pretendard-SemiBold.otf */; };
		7757288C27D0B0E400148C9A /* Pretendard-Light.otf in Resources */ = {isa = PBXBuildFile; fileRef = 7757288727D0B0E400148C9A /* Pretendard-Light.otf */; };
		7757288E27D0B3D500148C9A /* UIFont+.swift in Sources */ = {isa = PBXBuildFile; fileRef = 7757288D27D0B3D500148C9A /* UIFont+.swift */; };
		779015B92742E38300F83ACD /* WriteSB.storyboard in Resources */ = {isa = PBXBuildFile; fileRef = 779015B82742E38300F83ACD /* WriteSB.storyboard */; };
		779015BB2742E51A00F83ACD /* WriteVC.swift in Sources */ = {isa = PBXBuildFile; fileRef = 779015BA2742E51A00F83ACD /* WriteVC.swift */; };
		779015BD2743ACE800F83ACD /* CalendarNaviController.swift in Sources */ = {isa = PBXBuildFile; fileRef = 779015BC2743ACE800F83ACD /* CalendarNaviController.swift */; };
		77C03F71280A8CA200B0EE84 /* PostResModel.swift in Sources */ = {isa = PBXBuildFile; fileRef = 77C03F70280A8CA200B0EE84 /* PostResModel.swift */; };
		77C03F75280AECFB00B0EE84 /* DietListDataModel.swift in Sources */ = {isa = PBXBuildFile; fileRef = 77C03F74280AECFB00B0EE84 /* DietListDataModel.swift */; };
		77D0926C280B139300CB9F6A /* DietPostDataModel.swift in Sources */ = {isa = PBXBuildFile; fileRef = 77D0926B280B139300CB9F6A /* DietPostDataModel.swift */; };
		77D0926E280BF1B100CB9F6A /* WriteResModel.swift in Sources */ = {isa = PBXBuildFile; fileRef = 77D0926D280BF1B100CB9F6A /* WriteResModel.swift */; };
		77D9ED2028043DF5000EA76A /* FeedListDataModel.swift in Sources */ = {isa = PBXBuildFile; fileRef = 77D9ED1F28043DF5000EA76A /* FeedListDataModel.swift */; };
		77D9ED2228043E99000EA76A /* FeedService.swift in Sources */ = {isa = PBXBuildFile; fileRef = 77D9ED2128043E99000EA76A /* FeedService.swift */; };
		77D9ED2428044024000EA76A /* FeedAPI.swift in Sources */ = {isa = PBXBuildFile; fileRef = 77D9ED2328044024000EA76A /* FeedAPI.swift */; };
		77D9ED2628046414000EA76A /* String+.swift in Sources */ = {isa = PBXBuildFile; fileRef = 77D9ED2528046414000EA76A /* String+.swift */; };
		77D9ED28280470AF000EA76A /* SendDataDelegate.swift in Sources */ = {isa = PBXBuildFile; fileRef = 77D9ED27280470AF000EA76A /* SendDataDelegate.swift */; };
		77D9ED2A2805B755000EA76A /* FeedDetailSB.storyboard in Resources */ = {isa = PBXBuildFile; fileRef = 77D9ED292805B755000EA76A /* FeedDetailSB.storyboard */; };
		77D9ED2C2805BA11000EA76A /* FeedDetailVC.swift in Sources */ = {isa = PBXBuildFile; fileRef = 77D9ED2B2805BA11000EA76A /* FeedDetailVC.swift */; };
		77D9ED2F2805BC56000EA76A /* FeedDetailTitleTVC.swift in Sources */ = {isa = PBXBuildFile; fileRef = 77D9ED2D2805BC56000EA76A /* FeedDetailTitleTVC.swift */; };
		77D9ED302805BC56000EA76A /* FeedDetailTitleTVC.xib in Resources */ = {isa = PBXBuildFile; fileRef = 77D9ED2E2805BC56000EA76A /* FeedDetailTitleTVC.xib */; };
		77D9ED332805D2C2000EA76A /* FeedDetailContentTVC.swift in Sources */ = {isa = PBXBuildFile; fileRef = 77D9ED312805D2C2000EA76A /* FeedDetailContentTVC.swift */; };
		77D9ED342805D2C2000EA76A /* FeedDetailContentTVC.xib in Resources */ = {isa = PBXBuildFile; fileRef = 77D9ED322805D2C2000EA76A /* FeedDetailContentTVC.xib */; };
		77D9ED372805D4B5000EA76A /* FeedDetailEmojiTVC.swift in Sources */ = {isa = PBXBuildFile; fileRef = 77D9ED352805D4B5000EA76A /* FeedDetailEmojiTVC.swift */; };
		77D9ED382805D4B5000EA76A /* FeedDetailEmojiTVC.xib in Resources */ = {isa = PBXBuildFile; fileRef = 77D9ED362805D4B5000EA76A /* FeedDetailEmojiTVC.xib */; };
		77D9ED3A2805ECE4000EA76A /* FeedPostDataModel.swift in Sources */ = {isa = PBXBuildFile; fileRef = 77D9ED392805ECE4000EA76A /* FeedPostDataModel.swift */; };
		77DBB84627DB186100000623 /* VeginBtn.swift in Sources */ = {isa = PBXBuildFile; fileRef = 77DBB84527DB186100000623 /* VeginBtn.swift */; };
		77DBB84A27DEF29F00000623 /* CategoryCVC.swift in Sources */ = {isa = PBXBuildFile; fileRef = 77DBB84827DEF29F00000623 /* CategoryCVC.swift */; };
		77DBB84B27DEF29F00000623 /* CategoryCVC.xib in Resources */ = {isa = PBXBuildFile; fileRef = 77DBB84927DEF29F00000623 /* CategoryCVC.xib */; };
		77DBB84F27DF2BBD00000623 /* DietDetailSB.storyboard in Resources */ = {isa = PBXBuildFile; fileRef = 77DBB84E27DF2BBD00000623 /* DietDetailSB.storyboard */; };
		77DBB85127DF414000000623 /* DietDetailVC.swift in Sources */ = {isa = PBXBuildFile; fileRef = 77DBB85027DF414000000623 /* DietDetailVC.swift */; };
		77DBB85427DF428300000623 /* DietDetailImgTVC.swift in Sources */ = {isa = PBXBuildFile; fileRef = 77DBB85227DF428300000623 /* DietDetailImgTVC.swift */; };
		77DBB85527DF428300000623 /* DietDetailImgTVC.xib in Resources */ = {isa = PBXBuildFile; fileRef = 77DBB85327DF428300000623 /* DietDetailImgTVC.xib */; };
		77DBB85827DF449800000623 /* DietDetailIconTVC.swift in Sources */ = {isa = PBXBuildFile; fileRef = 77DBB85627DF449800000623 /* DietDetailIconTVC.swift */; };
		77DBB85927DF449800000623 /* DietDetailIconTVC.xib in Resources */ = {isa = PBXBuildFile; fileRef = 77DBB85727DF449800000623 /* DietDetailIconTVC.xib */; };
		77DBB85D27DF46FB00000623 /* IconImgCVC.swift in Sources */ = {isa = PBXBuildFile; fileRef = 77DBB85B27DF46FB00000623 /* IconImgCVC.swift */; };
		77DBB85E27DF46FB00000623 /* IconImgCVC.xib in Resources */ = {isa = PBXBuildFile; fileRef = 77DBB85C27DF46FB00000623 /* IconImgCVC.xib */; };
		77DBB86127DF47DF00000623 /* DietDetailInfoTVC.swift in Sources */ = {isa = PBXBuildFile; fileRef = 77DBB85F27DF47DF00000623 /* DietDetailInfoTVC.swift */; };
		77DBB86227DF47DF00000623 /* DietDetailInfoTVC.xib in Resources */ = {isa = PBXBuildFile; fileRef = 77DBB86027DF47DF00000623 /* DietDetailInfoTVC.xib */; };
		77DBB86527DF49A600000623 /* DietDetailMemoTVC.swift in Sources */ = {isa = PBXBuildFile; fileRef = 77DBB86327DF49A600000623 /* DietDetailMemoTVC.swift */; };
		77DBB86627DF49A600000623 /* DietDetailMemoTVC.xib in Resources */ = {isa = PBXBuildFile; fileRef = 77DBB86427DF49A600000623 /* DietDetailMemoTVC.xib */; };
		77DBB86827E0CD4100000623 /* MyFeedPostSB.storyboard in Resources */ = {isa = PBXBuildFile; fileRef = 77DBB86727E0CD4100000623 /* MyFeedPostSB.storyboard */; };
		77DBB86A27E0CF8C00000623 /* FeedNC.swift in Sources */ = {isa = PBXBuildFile; fileRef = 77DBB86927E0CF8C00000623 /* FeedNC.swift */; };
		77DBB86C27E0D46000000623 /* MyFeedPostVC.swift in Sources */ = {isa = PBXBuildFile; fileRef = 77DBB86B27E0D45F00000623 /* MyFeedPostVC.swift */; };
		77DBB87327E1106600000623 /* FeedMyPostEmptyTVC.swift in Sources */ = {isa = PBXBuildFile; fileRef = 77DBB87127E1106600000623 /* FeedMyPostEmptyTVC.swift */; };
		77DBB87427E1106700000623 /* FeedMyPostEmptyTVC.xib in Resources */ = {isa = PBXBuildFile; fileRef = 77DBB87227E1106600000623 /* FeedMyPostEmptyTVC.xib */; };
		77DBB87827E47ECE00000623 /* GoogleService-Info.plist in Resources */ = {isa = PBXBuildFile; fileRef = 77DBB87727E47ECE00000623 /* GoogleService-Info.plist */; };
		77ED047727B691F800D077CA /* StoryboardRepresentation.swift in Sources */ = {isa = PBXBuildFile; fileRef = 77ED047627B691F800D077CA /* StoryboardRepresentation.swift */; };
		77ED047927B6927E00D077CA /* BaseNC.swift in Sources */ = {isa = PBXBuildFile; fileRef = 77ED047827B6927E00D077CA /* BaseNC.swift */; };
		77ED047B27B692B500D077CA /* BaseTVC.swift in Sources */ = {isa = PBXBuildFile; fileRef = 77ED047A27B692B500D077CA /* BaseTVC.swift */; };
		77ED047D27B692E500D077CA /* TVRegisterable.swift in Sources */ = {isa = PBXBuildFile; fileRef = 77ED047C27B692E500D077CA /* TVRegisterable.swift */; };
		77ED047F27B6930000D077CA /* CVRegisterable.swift in Sources */ = {isa = PBXBuildFile; fileRef = 77ED047E27B6930000D077CA /* CVRegisterable.swift */; };
		77ED048127B6932D00D077CA /* BaseCVC.swift in Sources */ = {isa = PBXBuildFile; fileRef = 77ED048027B6932D00D077CA /* BaseCVC.swift */; };
		77ED048327B693CB00D077CA /* Identifiers.swift in Sources */ = {isa = PBXBuildFile; fileRef = 77ED048227B693CB00D077CA /* Identifiers.swift */; };
		77ED048527B6944300D077CA /* NaviType.swift in Sources */ = {isa = PBXBuildFile; fileRef = 77ED048427B6944300D077CA /* NaviType.swift */; };
		77ED048727B6965D00D077CA /* UIView+.swift in Sources */ = {isa = PBXBuildFile; fileRef = 77ED048627B6965D00D077CA /* UIView+.swift */; };
		77ED048927B697C900D077CA /* UITextField+.swift in Sources */ = {isa = PBXBuildFile; fileRef = 77ED048827B697C900D077CA /* UITextField+.swift */; };
		77ED048B27B6994900D077CA /* UIButton+.swift in Sources */ = {isa = PBXBuildFile; fileRef = 77ED048A27B6994900D077CA /* UIButton+.swift */; };
		77ED048D27B699A700D077CA /* UIColor+.swift in Sources */ = {isa = PBXBuildFile; fileRef = 77ED048C27B699A700D077CA /* UIColor+.swift */; };
		77ED048F27B6C46900D077CA /* UILabel+.swift in Sources */ = {isa = PBXBuildFile; fileRef = 77ED048E27B6C46900D077CA /* UILabel+.swift */; };
		77ED049127B6C4FC00D077CA /* UserDefaults+.swift in Sources */ = {isa = PBXBuildFile; fileRef = 77ED049027B6C4FC00D077CA /* UserDefaults+.swift */; };
		77ED049327B6C87200D077CA /* UITextView+.swift in Sources */ = {isa = PBXBuildFile; fileRef = 77ED049227B6C87200D077CA /* UITextView+.swift */; };
		77ED049527B6C8BA00D077CA /* Adjusted+.swift in Sources */ = {isa = PBXBuildFile; fileRef = 77ED049427B6C8BA00D077CA /* Adjusted+.swift */; };
		77ED049727B6CF9F00D077CA /* ColorSets.xcassets in Resources */ = {isa = PBXBuildFile; fileRef = 77ED049627B6CF9F00D077CA /* ColorSets.xcassets */; };
		77FE1735274B860C00F95F0D /* VeginAlertVC.swift in Sources */ = {isa = PBXBuildFile; fileRef = 77FE1733274B860C00F95F0D /* VeginAlertVC.swift */; };
		77FE1736274B860C00F95F0D /* VeginAlertVC.xib in Resources */ = {isa = PBXBuildFile; fileRef = 77FE1734274B860C00F95F0D /* VeginAlertVC.xib */; };
		77FE1738274D2EC800F95F0D /* VeginTBC.swift in Sources */ = {isa = PBXBuildFile; fileRef = 77FE1737274D2EC700F95F0D /* VeginTBC.swift */; };
		77FE173C274D8F7400F95F0D /* FarmVC.swift in Sources */ = {isa = PBXBuildFile; fileRef = 77FE173B274D8F7400F95F0D /* FarmVC.swift */; };
		EECC6F26D6F157BF59080165 /* Pods_Vegin_iOS.framework in Frameworks */ = {isa = PBXBuildFile; fileRef = 24999E6C3C90A75DE12BA65A /* Pods_Vegin_iOS.framework */; };
/* End PBXBuildFile section */

/* Begin PBXFileReference section */
		24999E6C3C90A75DE12BA65A /* Pods_Vegin_iOS.framework */ = {isa = PBXFileReference; explicitFileType = wrapper.framework; includeInIndex = 0; path = Pods_Vegin_iOS.framework; sourceTree = BUILT_PRODUCTS_DIR; };
		4633DCDA9E2208418F65B04D /* Pods-Vegin_iOS.release.xcconfig */ = {isa = PBXFileReference; includeInIndex = 1; lastKnownFileType = text.xcconfig; name = "Pods-Vegin_iOS.release.xcconfig"; path = "Target Support Files/Pods-Vegin_iOS/Pods-Vegin_iOS.release.xcconfig"; sourceTree = "<group>"; };
		5A751C8B27E4CE5C003DCD7C /* HomeNC.swift */ = {isa = PBXFileReference; lastKnownFileType = sourcecode.swift; path = HomeNC.swift; sourceTree = "<group>"; };
		5A95325827E1375E001E72A3 /* CharacterBookVC.swift */ = {isa = PBXFileReference; lastKnownFileType = sourcecode.swift; path = CharacterBookVC.swift; sourceTree = "<group>"; };
		772C146B273B7DAB00BB0127 /* Vegin_iOS.app */ = {isa = PBXFileReference; explicitFileType = wrapper.application; includeInIndex = 0; path = Vegin_iOS.app; sourceTree = BUILT_PRODUCTS_DIR; };
		772C146E273B7DAB00BB0127 /* AppDelegate.swift */ = {isa = PBXFileReference; lastKnownFileType = sourcecode.swift; path = AppDelegate.swift; sourceTree = "<group>"; };
		772C1470273B7DAB00BB0127 /* SceneDelegate.swift */ = {isa = PBXFileReference; lastKnownFileType = sourcecode.swift; path = SceneDelegate.swift; sourceTree = "<group>"; };
		772C1475273B7DAB00BB0127 /* Base */ = {isa = PBXFileReference; lastKnownFileType = file.storyboard; name = Base; path = Base.lproj/Main.storyboard; sourceTree = "<group>"; };
		772C1477273B7DAE00BB0127 /* Assets.xcassets */ = {isa = PBXFileReference; lastKnownFileType = folder.assetcatalog; path = Assets.xcassets; sourceTree = "<group>"; };
		772C147A273B7DAE00BB0127 /* Base */ = {isa = PBXFileReference; lastKnownFileType = file.storyboard; name = Base; path = Base.lproj/LaunchScreen.storyboard; sourceTree = "<group>"; };
		772C147C273B7DAE00BB0127 /* Info.plist */ = {isa = PBXFileReference; lastKnownFileType = text.plist.xml; path = Info.plist; sourceTree = "<group>"; };
		772C1482273CF9D500BB0127 /* CalendarVC.swift */ = {isa = PBXFileReference; lastKnownFileType = sourcecode.swift; path = CalendarVC.swift; sourceTree = "<group>"; };
		7742884227EDEB1E001A7CFA /* SignInSB.storyboard */ = {isa = PBXFileReference; lastKnownFileType = file.storyboard; path = SignInSB.storyboard; sourceTree = "<group>"; };
		7742884627EE18CB001A7CFA /* SignInVC.swift */ = {isa = PBXFileReference; lastKnownFileType = sourcecode.swift; path = SignInVC.swift; sourceTree = "<group>"; };
		7742884B27F14512001A7CFA /* SignUpSB.storyboard */ = {isa = PBXFileReference; lastKnownFileType = file.storyboard; path = SignUpSB.storyboard; sourceTree = "<group>"; };
		7742884D27F15462001A7CFA /* NickNameVC.swift */ = {isa = PBXFileReference; lastKnownFileType = sourcecode.swift; path = NickNameVC.swift; sourceTree = "<group>"; };
		7742884F27F154DA001A7CFA /* SignUpVC.swift */ = {isa = PBXFileReference; lastKnownFileType = sourcecode.swift; path = SignUpVC.swift; sourceTree = "<group>"; };
		7742885127F159E3001A7CFA /* SignUpNVC.swift */ = {isa = PBXFileReference; lastKnownFileType = sourcecode.swift; path = SignUpNVC.swift; sourceTree = "<group>"; };
		7742885827F40CCD001A7CFA /* APIConstants.swift */ = {isa = PBXFileReference; lastKnownFileType = sourcecode.swift; path = APIConstants.swift; sourceTree = "<group>"; };
		7742885A27F40CF9001A7CFA /* NetworkResult.swift */ = {isa = PBXFileReference; lastKnownFileType = sourcecode.swift; path = NetworkResult.swift; sourceTree = "<group>"; };
		7742885C27F40D19001A7CFA /* GenericResponse.swift */ = {isa = PBXFileReference; lastKnownFileType = sourcecode.swift; path = GenericResponse.swift; sourceTree = "<group>"; };
		7742885E27F40EF5001A7CFA /* BaseTargetType.swift */ = {isa = PBXFileReference; lastKnownFileType = sourcecode.swift; path = BaseTargetType.swift; sourceTree = "<group>"; };
		7742886027F40F1D001A7CFA /* DietService.swift */ = {isa = PBXFileReference; lastKnownFileType = sourcecode.swift; path = DietService.swift; sourceTree = "<group>"; };
		7742886227F40F7B001A7CFA /* NetworkLoggerPlugin.swift */ = {isa = PBXFileReference; lastKnownFileType = sourcecode.swift; path = NetworkLoggerPlugin.swift; sourceTree = "<group>"; };
		7742886427F40FCB001A7CFA /* DietAPI.swift */ = {isa = PBXFileReference; lastKnownFileType = sourcecode.swift; path = DietAPI.swift; sourceTree = "<group>"; };
		7742886727F6C8E0001A7CFA /* SignInDataModel.swift */ = {isa = PBXFileReference; lastKnownFileType = sourcecode.swift; path = SignInDataModel.swift; sourceTree = "<group>"; };
		7742886927F6CA24001A7CFA /* SignAPI.swift */ = {isa = PBXFileReference; lastKnownFileType = sourcecode.swift; path = SignAPI.swift; sourceTree = "<group>"; };
		7742886B27F6CA36001A7CFA /* SignService.swift */ = {isa = PBXFileReference; lastKnownFileType = sourcecode.swift; path = SignService.swift; sourceTree = "<group>"; };
		7742889127FACE89001A7CFA /* SignUpDataModel.swift */ = {isa = PBXFileReference; lastKnownFileType = sourcecode.swift; path = SignUpDataModel.swift; sourceTree = "<group>"; };
		7744C57B2742C0F000325814 /* UIViewController+.swift */ = {isa = PBXFileReference; lastKnownFileType = sourcecode.swift; path = "UIViewController+.swift"; sourceTree = "<group>"; };
		7756F9AB27FDFDB8006F6EF3 /* CharacterBookCVC.swift */ = {isa = PBXFileReference; fileEncoding = 4; lastKnownFileType = sourcecode.swift; path = CharacterBookCVC.swift; sourceTree = "<group>"; };
		7756F9AC27FDFDB8006F6EF3 /* CharacterBookCVC.xib */ = {isa = PBXFileReference; fileEncoding = 4; lastKnownFileType = file.xib; path = CharacterBookCVC.xib; sourceTree = "<group>"; };
		7756F9AF27FDFE08006F6EF3 /* FeedWriteVC.swift */ = {isa = PBXFileReference; fileEncoding = 4; lastKnownFileType = sourcecode.swift; path = FeedWriteVC.swift; sourceTree = "<group>"; };
		7756F9B127FDFEBA006F6EF3 /* HomeSB.storyboard */ = {isa = PBXFileReference; fileEncoding = 4; lastKnownFileType = file.storyboard; name = HomeSB.storyboard; path = Vegin_iOS/Screen/Home/VC/HomeSB.storyboard; sourceTree = SOURCE_ROOT; };
		7756F9B327FDFF03006F6EF3 /* FeedWriteSB.storyboard */ = {isa = PBXFileReference; fileEncoding = 4; lastKnownFileType = file.storyboard; path = FeedWriteSB.storyboard; sourceTree = "<group>"; };
		7757285627C8C11E00148C9A /* FeedMainVC.swift */ = {isa = PBXFileReference; lastKnownFileType = sourcecode.swift; path = FeedMainVC.swift; sourceTree = "<group>"; };
		7757285927C8C31400148C9A /* FeedMainTitleTVC.swift */ = {isa = PBXFileReference; lastKnownFileType = sourcecode.swift; path = FeedMainTitleTVC.swift; sourceTree = "<group>"; };
		7757285A27C8C31400148C9A /* FeedMainTitleTVC.xib */ = {isa = PBXFileReference; lastKnownFileType = file.xib; path = FeedMainTitleTVC.xib; sourceTree = "<group>"; };
		7757285D27C8C7C300148C9A /* FeedMainPostTVC.swift */ = {isa = PBXFileReference; lastKnownFileType = sourcecode.swift; path = FeedMainPostTVC.swift; sourceTree = "<group>"; };
		7757285E27C8C7C300148C9A /* FeedMainPostTVC.xib */ = {isa = PBXFileReference; lastKnownFileType = file.xib; path = FeedMainPostTVC.xib; sourceTree = "<group>"; };
		7757286527C8CF0700148C9A /* FeedMainEmptyTVC.swift */ = {isa = PBXFileReference; lastKnownFileType = sourcecode.swift; path = FeedMainEmptyTVC.swift; sourceTree = "<group>"; };
		7757286627C8CF0700148C9A /* FeedMainEmptyTVC.xib */ = {isa = PBXFileReference; lastKnownFileType = file.xib; path = FeedMainEmptyTVC.xib; sourceTree = "<group>"; };
		7757286B27C8DAF600148C9A /* AppContentDataModel.swift */ = {isa = PBXFileReference; lastKnownFileType = sourcecode.swift; path = AppContentDataModel.swift; sourceTree = "<group>"; };
		7757286D27CBDADA00148C9A /* BaseVC.swift */ = {isa = PBXFileReference; lastKnownFileType = sourcecode.swift; path = BaseVC.swift; sourceTree = "<group>"; };
		7757287527CD301E00148C9A /* DietListSB.storyboard */ = {isa = PBXFileReference; lastKnownFileType = file.storyboard; path = DietListSB.storyboard; sourceTree = "<group>"; };
		7757287727CD337D00148C9A /* DietListVC.swift */ = {isa = PBXFileReference; lastKnownFileType = sourcecode.swift; path = DietListVC.swift; sourceTree = "<group>"; };
		7757287E27CE0F9500148C9A /* DietListTVC.swift */ = {isa = PBXFileReference; lastKnownFileType = sourcecode.swift; path = DietListTVC.swift; sourceTree = "<group>"; };
		7757287F27CE0F9500148C9A /* DietListTVC.xib */ = {isa = PBXFileReference; lastKnownFileType = file.xib; path = DietListTVC.xib; sourceTree = "<group>"; };
		7757288327D0B0E200148C9A /* Pretendard-Bold.otf */ = {isa = PBXFileReference; lastKnownFileType = file; path = "Pretendard-Bold.otf"; sourceTree = "<group>"; };
		7757288427D0B0E200148C9A /* Pretendard-Medium.otf */ = {isa = PBXFileReference; lastKnownFileType = file; path = "Pretendard-Medium.otf"; sourceTree = "<group>"; };
		7757288527D0B0E300148C9A /* Pretendard-Regular.otf */ = {isa = PBXFileReference; lastKnownFileType = file; path = "Pretendard-Regular.otf"; sourceTree = "<group>"; };
		7757288627D0B0E300148C9A /* Pretendard-SemiBold.otf */ = {isa = PBXFileReference; lastKnownFileType = file; path = "Pretendard-SemiBold.otf"; sourceTree = "<group>"; };
		7757288727D0B0E400148C9A /* Pretendard-Light.otf */ = {isa = PBXFileReference; lastKnownFileType = file; path = "Pretendard-Light.otf"; sourceTree = "<group>"; };
		7757288D27D0B3D500148C9A /* UIFont+.swift */ = {isa = PBXFileReference; lastKnownFileType = sourcecode.swift; path = "UIFont+.swift"; sourceTree = "<group>"; };
		779015B82742E38300F83ACD /* WriteSB.storyboard */ = {isa = PBXFileReference; lastKnownFileType = file.storyboard; path = WriteSB.storyboard; sourceTree = "<group>"; };
		779015BA2742E51A00F83ACD /* WriteVC.swift */ = {isa = PBXFileReference; lastKnownFileType = sourcecode.swift; path = WriteVC.swift; sourceTree = "<group>"; };
		779015BC2743ACE800F83ACD /* CalendarNaviController.swift */ = {isa = PBXFileReference; lastKnownFileType = sourcecode.swift; name = CalendarNaviController.swift; path = Vegin_iOS/Screen/Write/VC/CalendarNaviController.swift; sourceTree = SOURCE_ROOT; };
		77C03F70280A8CA200B0EE84 /* PostResModel.swift */ = {isa = PBXFileReference; lastKnownFileType = sourcecode.swift; path = PostResModel.swift; sourceTree = "<group>"; };
		77C03F74280AECFB00B0EE84 /* DietListDataModel.swift */ = {isa = PBXFileReference; lastKnownFileType = sourcecode.swift; path = DietListDataModel.swift; sourceTree = "<group>"; };
		77D0926B280B139300CB9F6A /* DietPostDataModel.swift */ = {isa = PBXFileReference; lastKnownFileType = sourcecode.swift; path = DietPostDataModel.swift; sourceTree = "<group>"; };
		77D0926D280BF1B100CB9F6A /* WriteResModel.swift */ = {isa = PBXFileReference; lastKnownFileType = sourcecode.swift; path = WriteResModel.swift; sourceTree = "<group>"; };
		77D9ED1F28043DF5000EA76A /* FeedListDataModel.swift */ = {isa = PBXFileReference; lastKnownFileType = sourcecode.swift; path = FeedListDataModel.swift; sourceTree = "<group>"; };
		77D9ED2128043E99000EA76A /* FeedService.swift */ = {isa = PBXFileReference; lastKnownFileType = sourcecode.swift; path = FeedService.swift; sourceTree = "<group>"; };
		77D9ED2328044024000EA76A /* FeedAPI.swift */ = {isa = PBXFileReference; lastKnownFileType = sourcecode.swift; path = FeedAPI.swift; sourceTree = "<group>"; };
		77D9ED2528046414000EA76A /* String+.swift */ = {isa = PBXFileReference; lastKnownFileType = sourcecode.swift; path = "String+.swift"; sourceTree = "<group>"; };
		77D9ED27280470AF000EA76A /* SendDataDelegate.swift */ = {isa = PBXFileReference; lastKnownFileType = sourcecode.swift; path = SendDataDelegate.swift; sourceTree = "<group>"; };
		77D9ED292805B755000EA76A /* FeedDetailSB.storyboard */ = {isa = PBXFileReference; lastKnownFileType = file.storyboard; path = FeedDetailSB.storyboard; sourceTree = "<group>"; };
		77D9ED2B2805BA11000EA76A /* FeedDetailVC.swift */ = {isa = PBXFileReference; lastKnownFileType = sourcecode.swift; path = FeedDetailVC.swift; sourceTree = "<group>"; };
		77D9ED2D2805BC56000EA76A /* FeedDetailTitleTVC.swift */ = {isa = PBXFileReference; lastKnownFileType = sourcecode.swift; path = FeedDetailTitleTVC.swift; sourceTree = "<group>"; };
		77D9ED2E2805BC56000EA76A /* FeedDetailTitleTVC.xib */ = {isa = PBXFileReference; lastKnownFileType = file.xib; path = FeedDetailTitleTVC.xib; sourceTree = "<group>"; };
		77D9ED312805D2C2000EA76A /* FeedDetailContentTVC.swift */ = {isa = PBXFileReference; lastKnownFileType = sourcecode.swift; path = FeedDetailContentTVC.swift; sourceTree = "<group>"; };
		77D9ED322805D2C2000EA76A /* FeedDetailContentTVC.xib */ = {isa = PBXFileReference; lastKnownFileType = file.xib; path = FeedDetailContentTVC.xib; sourceTree = "<group>"; };
		77D9ED352805D4B5000EA76A /* FeedDetailEmojiTVC.swift */ = {isa = PBXFileReference; lastKnownFileType = sourcecode.swift; path = FeedDetailEmojiTVC.swift; sourceTree = "<group>"; };
		77D9ED362805D4B5000EA76A /* FeedDetailEmojiTVC.xib */ = {isa = PBXFileReference; lastKnownFileType = file.xib; path = FeedDetailEmojiTVC.xib; sourceTree = "<group>"; };
		77D9ED392805ECE4000EA76A /* FeedPostDataModel.swift */ = {isa = PBXFileReference; lastKnownFileType = sourcecode.swift; path = FeedPostDataModel.swift; sourceTree = "<group>"; };
		77DBB84527DB186100000623 /* VeginBtn.swift */ = {isa = PBXFileReference; lastKnownFileType = sourcecode.swift; path = VeginBtn.swift; sourceTree = "<group>"; };
		77DBB84827DEF29F00000623 /* CategoryCVC.swift */ = {isa = PBXFileReference; lastKnownFileType = sourcecode.swift; path = CategoryCVC.swift; sourceTree = "<group>"; };
		77DBB84927DEF29F00000623 /* CategoryCVC.xib */ = {isa = PBXFileReference; lastKnownFileType = file.xib; path = CategoryCVC.xib; sourceTree = "<group>"; };
		77DBB84E27DF2BBD00000623 /* DietDetailSB.storyboard */ = {isa = PBXFileReference; lastKnownFileType = file.storyboard; path = DietDetailSB.storyboard; sourceTree = "<group>"; };
		77DBB85027DF414000000623 /* DietDetailVC.swift */ = {isa = PBXFileReference; lastKnownFileType = sourcecode.swift; path = DietDetailVC.swift; sourceTree = "<group>"; };
		77DBB85227DF428300000623 /* DietDetailImgTVC.swift */ = {isa = PBXFileReference; lastKnownFileType = sourcecode.swift; path = DietDetailImgTVC.swift; sourceTree = "<group>"; };
		77DBB85327DF428300000623 /* DietDetailImgTVC.xib */ = {isa = PBXFileReference; lastKnownFileType = file.xib; path = DietDetailImgTVC.xib; sourceTree = "<group>"; };
		77DBB85627DF449800000623 /* DietDetailIconTVC.swift */ = {isa = PBXFileReference; lastKnownFileType = sourcecode.swift; path = DietDetailIconTVC.swift; sourceTree = "<group>"; };
		77DBB85727DF449800000623 /* DietDetailIconTVC.xib */ = {isa = PBXFileReference; lastKnownFileType = file.xib; path = DietDetailIconTVC.xib; sourceTree = "<group>"; };
		77DBB85B27DF46FB00000623 /* IconImgCVC.swift */ = {isa = PBXFileReference; lastKnownFileType = sourcecode.swift; path = IconImgCVC.swift; sourceTree = "<group>"; };
		77DBB85C27DF46FB00000623 /* IconImgCVC.xib */ = {isa = PBXFileReference; lastKnownFileType = file.xib; path = IconImgCVC.xib; sourceTree = "<group>"; };
		77DBB85F27DF47DF00000623 /* DietDetailInfoTVC.swift */ = {isa = PBXFileReference; lastKnownFileType = sourcecode.swift; path = DietDetailInfoTVC.swift; sourceTree = "<group>"; };
		77DBB86027DF47DF00000623 /* DietDetailInfoTVC.xib */ = {isa = PBXFileReference; lastKnownFileType = file.xib; path = DietDetailInfoTVC.xib; sourceTree = "<group>"; };
		77DBB86327DF49A600000623 /* DietDetailMemoTVC.swift */ = {isa = PBXFileReference; lastKnownFileType = sourcecode.swift; path = DietDetailMemoTVC.swift; sourceTree = "<group>"; };
		77DBB86427DF49A600000623 /* DietDetailMemoTVC.xib */ = {isa = PBXFileReference; lastKnownFileType = file.xib; path = DietDetailMemoTVC.xib; sourceTree = "<group>"; };
		77DBB86727E0CD4100000623 /* MyFeedPostSB.storyboard */ = {isa = PBXFileReference; lastKnownFileType = file.storyboard; path = MyFeedPostSB.storyboard; sourceTree = "<group>"; };
		77DBB86927E0CF8C00000623 /* FeedNC.swift */ = {isa = PBXFileReference; lastKnownFileType = sourcecode.swift; path = FeedNC.swift; sourceTree = "<group>"; };
		77DBB86B27E0D45F00000623 /* MyFeedPostVC.swift */ = {isa = PBXFileReference; lastKnownFileType = sourcecode.swift; path = MyFeedPostVC.swift; sourceTree = "<group>"; };
		77DBB87127E1106600000623 /* FeedMyPostEmptyTVC.swift */ = {isa = PBXFileReference; lastKnownFileType = sourcecode.swift; path = FeedMyPostEmptyTVC.swift; sourceTree = "<group>"; };
		77DBB87227E1106600000623 /* FeedMyPostEmptyTVC.xib */ = {isa = PBXFileReference; lastKnownFileType = file.xib; path = FeedMyPostEmptyTVC.xib; sourceTree = "<group>"; };
		77DBB87727E47ECE00000623 /* GoogleService-Info.plist */ = {isa = PBXFileReference; fileEncoding = 4; lastKnownFileType = text.plist.xml; path = "GoogleService-Info.plist"; sourceTree = "<group>"; };
		77ED047627B691F800D077CA /* StoryboardRepresentation.swift */ = {isa = PBXFileReference; lastKnownFileType = sourcecode.swift; path = StoryboardRepresentation.swift; sourceTree = "<group>"; };
		77ED047827B6927E00D077CA /* BaseNC.swift */ = {isa = PBXFileReference; lastKnownFileType = sourcecode.swift; path = BaseNC.swift; sourceTree = "<group>"; };
		77ED047A27B692B500D077CA /* BaseTVC.swift */ = {isa = PBXFileReference; lastKnownFileType = sourcecode.swift; path = BaseTVC.swift; sourceTree = "<group>"; };
		77ED047C27B692E500D077CA /* TVRegisterable.swift */ = {isa = PBXFileReference; lastKnownFileType = sourcecode.swift; path = TVRegisterable.swift; sourceTree = "<group>"; };
		77ED047E27B6930000D077CA /* CVRegisterable.swift */ = {isa = PBXFileReference; lastKnownFileType = sourcecode.swift; path = CVRegisterable.swift; sourceTree = "<group>"; };
		77ED048027B6932D00D077CA /* BaseCVC.swift */ = {isa = PBXFileReference; lastKnownFileType = sourcecode.swift; path = BaseCVC.swift; sourceTree = "<group>"; };
		77ED048227B693CB00D077CA /* Identifiers.swift */ = {isa = PBXFileReference; lastKnownFileType = sourcecode.swift; path = Identifiers.swift; sourceTree = "<group>"; };
		77ED048427B6944300D077CA /* NaviType.swift */ = {isa = PBXFileReference; lastKnownFileType = sourcecode.swift; path = NaviType.swift; sourceTree = "<group>"; };
		77ED048627B6965D00D077CA /* UIView+.swift */ = {isa = PBXFileReference; lastKnownFileType = sourcecode.swift; path = "UIView+.swift"; sourceTree = "<group>"; };
		77ED048827B697C900D077CA /* UITextField+.swift */ = {isa = PBXFileReference; lastKnownFileType = sourcecode.swift; path = "UITextField+.swift"; sourceTree = "<group>"; };
		77ED048A27B6994900D077CA /* UIButton+.swift */ = {isa = PBXFileReference; lastKnownFileType = sourcecode.swift; path = "UIButton+.swift"; sourceTree = "<group>"; };
		77ED048C27B699A700D077CA /* UIColor+.swift */ = {isa = PBXFileReference; lastKnownFileType = sourcecode.swift; path = "UIColor+.swift"; sourceTree = "<group>"; };
		77ED048E27B6C46900D077CA /* UILabel+.swift */ = {isa = PBXFileReference; lastKnownFileType = sourcecode.swift; path = "UILabel+.swift"; sourceTree = "<group>"; };
		77ED049027B6C4FC00D077CA /* UserDefaults+.swift */ = {isa = PBXFileReference; lastKnownFileType = sourcecode.swift; path = "UserDefaults+.swift"; sourceTree = "<group>"; };
		77ED049227B6C87200D077CA /* UITextView+.swift */ = {isa = PBXFileReference; lastKnownFileType = sourcecode.swift; path = "UITextView+.swift"; sourceTree = "<group>"; };
		77ED049427B6C8BA00D077CA /* Adjusted+.swift */ = {isa = PBXFileReference; lastKnownFileType = sourcecode.swift; path = "Adjusted+.swift"; sourceTree = "<group>"; };
		77ED049627B6CF9F00D077CA /* ColorSets.xcassets */ = {isa = PBXFileReference; lastKnownFileType = folder.assetcatalog; path = ColorSets.xcassets; sourceTree = "<group>"; };
		77FE1733274B860C00F95F0D /* VeginAlertVC.swift */ = {isa = PBXFileReference; lastKnownFileType = sourcecode.swift; path = VeginAlertVC.swift; sourceTree = "<group>"; };
		77FE1734274B860C00F95F0D /* VeginAlertVC.xib */ = {isa = PBXFileReference; lastKnownFileType = file.xib; path = VeginAlertVC.xib; sourceTree = "<group>"; };
		77FE1737274D2EC700F95F0D /* VeginTBC.swift */ = {isa = PBXFileReference; lastKnownFileType = sourcecode.swift; path = VeginTBC.swift; sourceTree = "<group>"; };
		77FE173B274D8F7400F95F0D /* FarmVC.swift */ = {isa = PBXFileReference; lastKnownFileType = sourcecode.swift; path = FarmVC.swift; sourceTree = "<group>"; };
		81674B682E3C2F3F4442D9A7 /* Pods-Vegin_iOS.debug.xcconfig */ = {isa = PBXFileReference; includeInIndex = 1; lastKnownFileType = text.xcconfig; name = "Pods-Vegin_iOS.debug.xcconfig"; path = "Target Support Files/Pods-Vegin_iOS/Pods-Vegin_iOS.debug.xcconfig"; sourceTree = "<group>"; };
/* End PBXFileReference section */

/* Begin PBXFrameworksBuildPhase section */
		772C1468273B7DAB00BB0127 /* Frameworks */ = {
			isa = PBXFrameworksBuildPhase;
			buildActionMask = 2147483647;
			files = (
				EECC6F26D6F157BF59080165 /* Pods_Vegin_iOS.framework in Frameworks */,
			);
			runOnlyForDeploymentPostprocessing = 0;
		};
/* End PBXFrameworksBuildPhase section */

/* Begin PBXGroup section */
		06C5EDBFBC5737FF9FF44FD6 /* Pods */ = {
			isa = PBXGroup;
			children = (
				81674B682E3C2F3F4442D9A7 /* Pods-Vegin_iOS.debug.xcconfig */,
				4633DCDA9E2208418F65B04D /* Pods-Vegin_iOS.release.xcconfig */,
			);
			path = Pods;
			sourceTree = "<group>";
		};
		772C1462273B7DAB00BB0127 = {
			isa = PBXGroup;
			children = (
				772C146D273B7DAB00BB0127 /* Vegin_iOS */,
				772C146C273B7DAB00BB0127 /* Products */,
				06C5EDBFBC5737FF9FF44FD6 /* Pods */,
				987A9D7F730175B9FB161044 /* Frameworks */,
			);
			sourceTree = "<group>";
		};
		772C146C273B7DAB00BB0127 /* Products */ = {
			isa = PBXGroup;
			children = (
				772C146B273B7DAB00BB0127 /* Vegin_iOS.app */,
			);
			name = Products;
			sourceTree = "<group>";
		};
		772C146D273B7DAB00BB0127 /* Vegin_iOS */ = {
			isa = PBXGroup;
			children = (
				77ED045627B4254500D077CA /* Global */,
				77ED045827B4257700D077CA /* Network */,
				77ED045727B4255D00D077CA /* Screen */,
				7744C5762742BDD500325814 /* Support */,
			);
			path = Vegin_iOS;
			sourceTree = "<group>";
		};
		7742883F27EDEABE001A7CFA /* SignIn */ = {
			isa = PBXGroup;
			children = (
				7742884127EDEADA001A7CFA /* SB */,
				7742884027EDEAD4001A7CFA /* VC */,
			);
			path = SignIn;
			sourceTree = "<group>";
		};
		7742884027EDEAD4001A7CFA /* VC */ = {
			isa = PBXGroup;
			children = (
				7742884627EE18CB001A7CFA /* SignInVC.swift */,
			);
			path = VC;
			sourceTree = "<group>";
		};
		7742884127EDEADA001A7CFA /* SB */ = {
			isa = PBXGroup;
			children = (
				7742884227EDEB1E001A7CFA /* SignInSB.storyboard */,
			);
			path = SB;
			sourceTree = "<group>";
		};
		7742884827F144BC001A7CFA /* SignUp */ = {
			isa = PBXGroup;
			children = (
				7742884A27F144F6001A7CFA /* VC */,
				7742884927F144DB001A7CFA /* SB */,
			);
			path = SignUp;
			sourceTree = "<group>";
		};
		7742884927F144DB001A7CFA /* SB */ = {
			isa = PBXGroup;
			children = (
				7742884B27F14512001A7CFA /* SignUpSB.storyboard */,
			);
			path = SB;
			sourceTree = "<group>";
		};
		7742884A27F144F6001A7CFA /* VC */ = {
			isa = PBXGroup;
			children = (
				7742884D27F15462001A7CFA /* NickNameVC.swift */,
				7742884F27F154DA001A7CFA /* SignUpVC.swift */,
				7742885127F159E3001A7CFA /* SignUpNVC.swift */,
			);
			path = VC;
			sourceTree = "<group>";
		};
		7742885327F40C39001A7CFA /* APIEssentials */ = {
			isa = PBXGroup;
			children = (
				7742885827F40CCD001A7CFA /* APIConstants.swift */,
				7742885A27F40CF9001A7CFA /* NetworkResult.swift */,
			);
			path = APIEssentials;
			sourceTree = "<group>";
		};
		7742885427F40C57001A7CFA /* APIModels */ = {
			isa = PBXGroup;
			children = (
				7742885727F40C97001A7CFA /* Models */,
				7742885C27F40D19001A7CFA /* GenericResponse.swift */,
			);
			path = APIModels;
			sourceTree = "<group>";
		};
		7742885527F40C6B001A7CFA /* APIManagers */ = {
			isa = PBXGroup;
			children = (
				7742886427F40FCB001A7CFA /* DietAPI.swift */,
				7742886927F6CA24001A7CFA /* SignAPI.swift */,
				77D9ED2328044024000EA76A /* FeedAPI.swift */,
			);
			path = APIManagers;
			sourceTree = "<group>";
		};
		7742885627F40C76001A7CFA /* MoyaTarget */ = {
			isa = PBXGroup;
			children = (
				7742885E27F40EF5001A7CFA /* BaseTargetType.swift */,
				7742886027F40F1D001A7CFA /* DietService.swift */,
				7742886B27F6CA36001A7CFA /* SignService.swift */,
				77D9ED2128043E99000EA76A /* FeedService.swift */,
			);
			path = MoyaTarget;
			sourceTree = "<group>";
		};
		7742885727F40C97001A7CFA /* Models */ = {
			isa = PBXGroup;
			children = (
				77C03F72280A8CA700B0EE84 /* Public */,
				77C03F73280AECE100B0EE84 /* Diet */,
				77D9ED1E28043DD2000EA76A /* Feed */,
				7742886627F6C893001A7CFA /* Sign */,
			);
			path = Models;
			sourceTree = "<group>";
		};
		7742886627F6C893001A7CFA /* Sign */ = {
			isa = PBXGroup;
			children = (
				7742886727F6C8E0001A7CFA /* SignInDataModel.swift */,
				7742889127FACE89001A7CFA /* SignUpDataModel.swift */,
			);
			path = Sign;
			sourceTree = "<group>";
		};
		7744C5712742BD5900325814 /* Protocol */ = {
			isa = PBXGroup;
			children = (
				77ED047C27B692E500D077CA /* TVRegisterable.swift */,
				77ED047E27B6930000D077CA /* CVRegisterable.swift */,
				77D9ED27280470AF000EA76A /* SendDataDelegate.swift */,
			);
			path = Protocol;
			sourceTree = "<group>";
		};
		7744C5722742BD7100325814 /* Extension */ = {
			isa = PBXGroup;
			children = (
				7744C57B2742C0F000325814 /* UIViewController+.swift */,
				77ED048627B6965D00D077CA /* UIView+.swift */,
				77ED048827B697C900D077CA /* UITextField+.swift */,
				77ED048A27B6994900D077CA /* UIButton+.swift */,
				77ED048C27B699A700D077CA /* UIColor+.swift */,
				77ED048E27B6C46900D077CA /* UILabel+.swift */,
				77ED049027B6C4FC00D077CA /* UserDefaults+.swift */,
				77ED049227B6C87200D077CA /* UITextView+.swift */,
				77ED049427B6C8BA00D077CA /* Adjusted+.swift */,
				7757288D27D0B3D500148C9A /* UIFont+.swift */,
				77D9ED2528046414000EA76A /* String+.swift */,
			);
			path = Extension;
			sourceTree = "<group>";
		};
		7744C5762742BDD500325814 /* Support */ = {
			isa = PBXGroup;
			children = (
				772C146E273B7DAB00BB0127 /* AppDelegate.swift */,
				772C1470273B7DAB00BB0127 /* SceneDelegate.swift */,
				772C1477273B7DAE00BB0127 /* Assets.xcassets */,
				77ED049627B6CF9F00D077CA /* ColorSets.xcassets */,
				772C147C273B7DAE00BB0127 /* Info.plist */,
				77DBB87727E47ECE00000623 /* GoogleService-Info.plist */,
			);
			path = Support;
			sourceTree = "<group>";
		};
		7744C5792742BE0700325814 /* Storyboard */ = {
			isa = PBXGroup;
			children = (
				772C1474273B7DAB00BB0127 /* Main.storyboard */,
				772C1479273B7DAE00BB0127 /* LaunchScreen.storyboard */,
			);
			path = Storyboard;
			sourceTree = "<group>";
		};
		7757285827C8C1B700148C9A /* TVC */ = {
			isa = PBXGroup;
			children = (
				77DBB87127E1106600000623 /* FeedMyPostEmptyTVC.swift */,
				77DBB87227E1106600000623 /* FeedMyPostEmptyTVC.xib */,
				7757285927C8C31400148C9A /* FeedMainTitleTVC.swift */,
				7757285A27C8C31400148C9A /* FeedMainTitleTVC.xib */,
				7757285D27C8C7C300148C9A /* FeedMainPostTVC.swift */,
				7757285E27C8C7C300148C9A /* FeedMainPostTVC.xib */,
				7757286527C8CF0700148C9A /* FeedMainEmptyTVC.swift */,
				7757286627C8CF0700148C9A /* FeedMainEmptyTVC.xib */,
				77D9ED2D2805BC56000EA76A /* FeedDetailTitleTVC.swift */,
				77D9ED2E2805BC56000EA76A /* FeedDetailTitleTVC.xib */,
				77D9ED312805D2C2000EA76A /* FeedDetailContentTVC.swift */,
				77D9ED322805D2C2000EA76A /* FeedDetailContentTVC.xib */,
				77D9ED352805D4B5000EA76A /* FeedDetailEmojiTVC.swift */,
				77D9ED362805D4B5000EA76A /* FeedDetailEmojiTVC.xib */,
			);
			path = TVC;
			sourceTree = "<group>";
		};
		7757286927C8DAB800148C9A /* PublicData */ = {
			isa = PBXGroup;
			children = (
				7757286A27C8DAD500148C9A /* AppModel */,
			);
			path = PublicData;
			sourceTree = "<group>";
		};
		7757286A27C8DAD500148C9A /* AppModel */ = {
			isa = PBXGroup;
			children = (
				7757286B27C8DAF600148C9A /* AppContentDataModel.swift */,
			);
			path = AppModel;
			sourceTree = "<group>";
		};
		7757287927CE0A6900148C9A /* TVC */ = {
			isa = PBXGroup;
			children = (
				7757287E27CE0F9500148C9A /* DietListTVC.swift */,
				7757287F27CE0F9500148C9A /* DietListTVC.xib */,
				77DBB85227DF428300000623 /* DietDetailImgTVC.swift */,
				77DBB85327DF428300000623 /* DietDetailImgTVC.xib */,
				77DBB85627DF449800000623 /* DietDetailIconTVC.swift */,
				77DBB85727DF449800000623 /* DietDetailIconTVC.xib */,
				77DBB85F27DF47DF00000623 /* DietDetailInfoTVC.swift */,
				77DBB86027DF47DF00000623 /* DietDetailInfoTVC.xib */,
				77DBB86327DF49A600000623 /* DietDetailMemoTVC.swift */,
				77DBB86427DF49A600000623 /* DietDetailMemoTVC.xib */,
			);
			path = TVC;
			sourceTree = "<group>";
		};
		7757288227D0AFF200148C9A /* Font */ = {
			isa = PBXGroup;
			children = (
				7757288327D0B0E200148C9A /* Pretendard-Bold.otf */,
				7757288727D0B0E400148C9A /* Pretendard-Light.otf */,
				7757288427D0B0E200148C9A /* Pretendard-Medium.otf */,
				7757288527D0B0E300148C9A /* Pretendard-Regular.otf */,
				7757288627D0B0E300148C9A /* Pretendard-SemiBold.otf */,
			);
			path = Font;
			sourceTree = "<group>";
		};
		77C03F72280A8CA700B0EE84 /* Public */ = {
			isa = PBXGroup;
			children = (
				77C03F70280A8CA200B0EE84 /* PostResModel.swift */,
				77D0926D280BF1B100CB9F6A /* WriteResModel.swift */,
			);
			path = Public;
			sourceTree = "<group>";
		};
		77C03F73280AECE100B0EE84 /* Diet */ = {
			isa = PBXGroup;
			children = (
				77C03F74280AECFB00B0EE84 /* DietListDataModel.swift */,
				77D0926B280B139300CB9F6A /* DietPostDataModel.swift */,
			);
			path = Diet;
			sourceTree = "<group>";
		};
		77D9ED1E28043DD2000EA76A /* Feed */ = {
			isa = PBXGroup;
			children = (
				77D9ED1F28043DF5000EA76A /* FeedListDataModel.swift */,
				77D9ED392805ECE4000EA76A /* FeedPostDataModel.swift */,
			);
			path = Feed;
			sourceTree = "<group>";
		};
		77DBB84727DEF27F00000623 /* CVC */ = {
			isa = PBXGroup;
			children = (
				77DBB84827DEF29F00000623 /* CategoryCVC.swift */,
				77DBB84927DEF29F00000623 /* CategoryCVC.xib */,
			);
			path = CVC;
			sourceTree = "<group>";
		};
		77DBB85A27DF46DB00000623 /* CVC */ = {
			isa = PBXGroup;
			children = (
				77DBB85B27DF46FB00000623 /* IconImgCVC.swift */,
				77DBB85C27DF46FB00000623 /* IconImgCVC.xib */,
			);
			path = CVC;
			sourceTree = "<group>";
		};
		77ED045627B4254500D077CA /* Global */ = {
			isa = PBXGroup;
			children = (
				7757286927C8DAB800148C9A /* PublicData */,
				77ED047427B42D0D00D077CA /* Factory */,
				77ED047227B42CD800D077CA /* Class */,
				77ED047327B42CEF00D077CA /* Struct */,
				7744C5712742BD5900325814 /* Protocol */,
				77ED046D27B42A6200D077CA /* UIComponent */,
				7744C5792742BE0700325814 /* Storyboard */,
				7744C5722742BD7100325814 /* Extension */,
				7757288227D0AFF200148C9A /* Font */,
			);
			path = Global;
			sourceTree = "<group>";
		};
		77ED045727B4255D00D077CA /* Screen */ = {
			isa = PBXGroup;
			children = (
				7742884827F144BC001A7CFA /* SignUp */,
				7742883F27EDEABE001A7CFA /* SignIn */,
				77ED047027B42B1200D077CA /* TabBar */,
				77ED045C27B4265E00D077CA /* Home */,
				77ED045B27B4262500D077CA /* Write */,
				77ED045A27B425DB00D077CA /* Feed */,
				77ED045927B425CC00D077CA /* Mypage */,
			);
			path = Screen;
			sourceTree = "<group>";
		};
		77ED045827B4257700D077CA /* Network */ = {
			isa = PBXGroup;
			children = (
				7742885327F40C39001A7CFA /* APIEssentials */,
				7742885427F40C57001A7CFA /* APIModels */,
				7742885527F40C6B001A7CFA /* APIManagers */,
				7742885627F40C76001A7CFA /* MoyaTarget */,
				7742886227F40F7B001A7CFA /* NetworkLoggerPlugin.swift */,
			);
			path = Network;
			sourceTree = "<group>";
		};
		77ED045927B425CC00D077CA /* Mypage */ = {
			isa = PBXGroup;
			children = (
				77ED046C27B4274900D077CA /* SB */,
				77ED046B27B4274400D077CA /* VC */,
				77ED046A27B4273F00D077CA /* Cell */,
				77ED046927B4273A00D077CA /* Xib */,
			);
			path = Mypage;
			sourceTree = "<group>";
		};
		77ED045A27B425DB00D077CA /* Feed */ = {
			isa = PBXGroup;
			children = (
				77ED046827B4272B00D077CA /* SB */,
				77ED046727B4272700D077CA /* VC */,
				77ED046627B4272100D077CA /* Cell */,
				77ED046527B4271B00D077CA /* Xib */,
			);
			path = Feed;
			sourceTree = "<group>";
		};
		77ED045B27B4262500D077CA /* Write */ = {
			isa = PBXGroup;
			children = (
				77ED046427B426E900D077CA /* SB */,
				77ED046327B426E300D077CA /* VC */,
				77ED046227B426D800D077CA /* Cell */,
				77ED046127B426C700D077CA /* Xib */,
			);
			path = Write;
			sourceTree = "<group>";
		};
		77ED045C27B4265E00D077CA /* Home */ = {
			isa = PBXGroup;
			children = (
				77ED045D27B4269400D077CA /* SB */,
				77ED045E27B4269B00D077CA /* VC */,
				77ED045F27B426A200D077CA /* Cell */,
				77ED046027B426A900D077CA /* Xib */,
			);
			path = Home;
			sourceTree = "<group>";
		};
		77ED045D27B4269400D077CA /* SB */ = {
			isa = PBXGroup;
			children = (
				7756F9B127FDFEBA006F6EF3 /* HomeSB.storyboard */,
			);
			path = SB;
			sourceTree = "<group>";
		};
		77ED045E27B4269B00D077CA /* VC */ = {
			isa = PBXGroup;
			children = (
				77FE173B274D8F7400F95F0D /* FarmVC.swift */,
				5A95325827E1375E001E72A3 /* CharacterBookVC.swift */,
				5A751C8B27E4CE5C003DCD7C /* HomeNC.swift */,
			);
			path = VC;
			sourceTree = "<group>";
		};
		77ED045F27B426A200D077CA /* Cell */ = {
			isa = PBXGroup;
			children = (
				7756F9AB27FDFDB8006F6EF3 /* CharacterBookCVC.swift */,
				7756F9AC27FDFDB8006F6EF3 /* CharacterBookCVC.xib */,
			);
			path = Cell;
			sourceTree = "<group>";
		};
		77ED046027B426A900D077CA /* Xib */ = {
			isa = PBXGroup;
			children = (
			);
			path = Xib;
			sourceTree = "<group>";
		};
		77ED046127B426C700D077CA /* Xib */ = {
			isa = PBXGroup;
			children = (
			);
			path = Xib;
			sourceTree = "<group>";
		};
		77ED046227B426D800D077CA /* Cell */ = {
			isa = PBXGroup;
			children = (
				77DBB85A27DF46DB00000623 /* CVC */,
				7757287927CE0A6900148C9A /* TVC */,
			);
			path = Cell;
			sourceTree = "<group>";
		};
		77ED046327B426E300D077CA /* VC */ = {
			isa = PBXGroup;
			children = (
				779015BA2742E51A00F83ACD /* WriteVC.swift */,
				77DBB85027DF414000000623 /* DietDetailVC.swift */,
				772C1482273CF9D500BB0127 /* CalendarVC.swift */,
				7757287727CD337D00148C9A /* DietListVC.swift */,
				779015BC2743ACE800F83ACD /* CalendarNaviController.swift */,
			);
			path = VC;
			sourceTree = "<group>";
		};
		77ED046427B426E900D077CA /* SB */ = {
			isa = PBXGroup;
			children = (
				779015B82742E38300F83ACD /* WriteSB.storyboard */,
				77DBB84E27DF2BBD00000623 /* DietDetailSB.storyboard */,
				7757287527CD301E00148C9A /* DietListSB.storyboard */,
			);
			path = SB;
			sourceTree = "<group>";
		};
		77ED046527B4271B00D077CA /* Xib */ = {
			isa = PBXGroup;
			children = (
			);
			path = Xib;
			sourceTree = "<group>";
		};
		77ED046627B4272100D077CA /* Cell */ = {
			isa = PBXGroup;
			children = (
				77DBB84727DEF27F00000623 /* CVC */,
				7757285827C8C1B700148C9A /* TVC */,
			);
			path = Cell;
			sourceTree = "<group>";
		};
		77ED046727B4272700D077CA /* VC */ = {
			isa = PBXGroup;
			children = (
				7757285627C8C11E00148C9A /* FeedMainVC.swift */,
				7756F9AF27FDFE08006F6EF3 /* FeedWriteVC.swift */,
				77DBB86927E0CF8C00000623 /* FeedNC.swift */,
				77DBB86B27E0D45F00000623 /* MyFeedPostVC.swift */,
				77D9ED2B2805BA11000EA76A /* FeedDetailVC.swift */,
			);
			path = VC;
			sourceTree = "<group>";
		};
		77ED046827B4272B00D077CA /* SB */ = {
			isa = PBXGroup;
			children = (
				7756F9B327FDFF03006F6EF3 /* FeedWriteSB.storyboard */,
				77DBB86727E0CD4100000623 /* MyFeedPostSB.storyboard */,
				77D9ED292805B755000EA76A /* FeedDetailSB.storyboard */,
			);
			path = SB;
			sourceTree = "<group>";
		};
		77ED046927B4273A00D077CA /* Xib */ = {
			isa = PBXGroup;
			children = (
			);
			path = Xib;
			sourceTree = "<group>";
		};
		77ED046A27B4273F00D077CA /* Cell */ = {
			isa = PBXGroup;
			children = (
			);
			path = Cell;
			sourceTree = "<group>";
		};
		77ED046B27B4274400D077CA /* VC */ = {
			isa = PBXGroup;
			children = (
			);
			path = VC;
			sourceTree = "<group>";
		};
		77ED046C27B4274900D077CA /* SB */ = {
			isa = PBXGroup;
			children = (
			);
			path = SB;
			sourceTree = "<group>";
		};
		77ED046D27B42A6200D077CA /* UIComponent */ = {
			isa = PBXGroup;
			children = (
				77ED046F27B42A8500D077CA /* Class */,
				77ED046E27B42A7E00D077CA /* Xib */,
			);
			path = UIComponent;
			sourceTree = "<group>";
		};
		77ED046E27B42A7E00D077CA /* Xib */ = {
			isa = PBXGroup;
			children = (
				77FE1734274B860C00F95F0D /* VeginAlertVC.xib */,
			);
			name = Xib;
			path = "../New Group/Xib";
			sourceTree = "<group>";
		};
		77ED046F27B42A8500D077CA /* Class */ = {
			isa = PBXGroup;
			children = (
				77FE1733274B860C00F95F0D /* VeginAlertVC.swift */,
				77DBB84527DB186100000623 /* VeginBtn.swift */,
			);
			path = Class;
			sourceTree = "<group>";
		};
		77ED047027B42B1200D077CA /* TabBar */ = {
			isa = PBXGroup;
			children = (
				77ED047127B42B3200D077CA /* VC */,
			);
			path = TabBar;
			sourceTree = "<group>";
		};
		77ED047127B42B3200D077CA /* VC */ = {
			isa = PBXGroup;
			children = (
				77FE1737274D2EC700F95F0D /* VeginTBC.swift */,
			);
			path = VC;
			sourceTree = "<group>";
		};
		77ED047227B42CD800D077CA /* Class */ = {
			isa = PBXGroup;
			children = (
				77ED047827B6927E00D077CA /* BaseNC.swift */,
				77ED047A27B692B500D077CA /* BaseTVC.swift */,
				77ED048027B6932D00D077CA /* BaseCVC.swift */,
				7757286D27CBDADA00148C9A /* BaseVC.swift */,
			);
			path = Class;
			sourceTree = "<group>";
		};
		77ED047327B42CEF00D077CA /* Struct */ = {
			isa = PBXGroup;
			children = (
				77ED048227B693CB00D077CA /* Identifiers.swift */,
				77ED048427B6944300D077CA /* NaviType.swift */,
			);
			path = Struct;
			sourceTree = "<group>";
		};
		77ED047427B42D0D00D077CA /* Factory */ = {
			isa = PBXGroup;
			children = (
				77ED047627B691F800D077CA /* StoryboardRepresentation.swift */,
			);
			path = Factory;
			sourceTree = "<group>";
		};
		987A9D7F730175B9FB161044 /* Frameworks */ = {
			isa = PBXGroup;
			children = (
				24999E6C3C90A75DE12BA65A /* Pods_Vegin_iOS.framework */,
			);
			name = Frameworks;
			sourceTree = "<group>";
		};
/* End PBXGroup section */

/* Begin PBXNativeTarget section */
		772C146A273B7DAB00BB0127 /* Vegin_iOS */ = {
			isa = PBXNativeTarget;
			buildConfigurationList = 772C147F273B7DAE00BB0127 /* Build configuration list for PBXNativeTarget "Vegin_iOS" */;
			buildPhases = (
				F490122E51FFF25B457AA0F6 /* [CP] Check Pods Manifest.lock */,
				772C1467273B7DAB00BB0127 /* Sources */,
				772C1468273B7DAB00BB0127 /* Frameworks */,
				772C1469273B7DAB00BB0127 /* Resources */,
				2E28CFBD5429B0418D776372 /* [CP] Embed Pods Frameworks */,
			);
			buildRules = (
			);
			dependencies = (
			);
			name = Vegin_iOS;
			productName = Vegin_iOS;
			productReference = 772C146B273B7DAB00BB0127 /* Vegin_iOS.app */;
			productType = "com.apple.product-type.application";
		};
/* End PBXNativeTarget section */

/* Begin PBXProject section */
		772C1463273B7DAB00BB0127 /* Project object */ = {
			isa = PBXProject;
			attributes = {
				BuildIndependentTargetsInParallel = 1;
				LastSwiftUpdateCheck = 1300;
				LastUpgradeCheck = 1300;
				TargetAttributes = {
					772C146A273B7DAB00BB0127 = {
						CreatedOnToolsVersion = 13.0;
					};
				};
			};
			buildConfigurationList = 772C1466273B7DAB00BB0127 /* Build configuration list for PBXProject "Vegin_iOS" */;
			compatibilityVersion = "Xcode 13.0";
			developmentRegion = en;
			hasScannedForEncodings = 0;
			knownRegions = (
				en,
				Base,
			);
			mainGroup = 772C1462273B7DAB00BB0127;
			productRefGroup = 772C146C273B7DAB00BB0127 /* Products */;
			projectDirPath = "";
			projectRoot = "";
			targets = (
				772C146A273B7DAB00BB0127 /* Vegin_iOS */,
			);
		};
/* End PBXProject section */

/* Begin PBXResourcesBuildPhase section */
		772C1469273B7DAB00BB0127 /* Resources */ = {
			isa = PBXResourcesBuildPhase;
			buildActionMask = 2147483647;
			files = (
				7757288827D0B0E400148C9A /* Pretendard-Bold.otf in Resources */,
				7756F9B427FDFF03006F6EF3 /* FeedWriteSB.storyboard in Resources */,
				77FE1736274B860C00F95F0D /* VeginAlertVC.xib in Resources */,
				7757288C27D0B0E400148C9A /* Pretendard-Light.otf in Resources */,
				77DBB84F27DF2BBD00000623 /* DietDetailSB.storyboard in Resources */,
				77DBB87427E1106700000623 /* FeedMyPostEmptyTVC.xib in Resources */,
				77D9ED2A2805B755000EA76A /* FeedDetailSB.storyboard in Resources */,
				772C147B273B7DAE00BB0127 /* LaunchScreen.storyboard in Resources */,
				77DBB85927DF449800000623 /* DietDetailIconTVC.xib in Resources */,
				7742884C27F14512001A7CFA /* SignUpSB.storyboard in Resources */,
				7757288B27D0B0E400148C9A /* Pretendard-SemiBold.otf in Resources */,
				772C1478273B7DAE00BB0127 /* Assets.xcassets in Resources */,
				7757288127CE0F9500148C9A /* DietListTVC.xib in Resources */,
				77DBB85527DF428300000623 /* DietDetailImgTVC.xib in Resources */,
				7742884327EDEB1E001A7CFA /* SignInSB.storyboard in Resources */,
				77DBB87827E47ECE00000623 /* GoogleService-Info.plist in Resources */,
				779015B92742E38300F83ACD /* WriteSB.storyboard in Resources */,
				77D9ED342805D2C2000EA76A /* FeedDetailContentTVC.xib in Resources */,
				7756F9AE27FDFDB8006F6EF3 /* CharacterBookCVC.xib in Resources */,
				7757287627CD301E00148C9A /* DietListSB.storyboard in Resources */,
				7757288A27D0B0E400148C9A /* Pretendard-Regular.otf in Resources */,
				77DBB85E27DF46FB00000623 /* IconImgCVC.xib in Resources */,
				77DBB86227DF47DF00000623 /* DietDetailInfoTVC.xib in Resources */,
				7757288927D0B0E400148C9A /* Pretendard-Medium.otf in Resources */,
				77D9ED302805BC56000EA76A /* FeedDetailTitleTVC.xib in Resources */,
				77DBB86827E0CD4100000623 /* MyFeedPostSB.storyboard in Resources */,
				7757286827C8CF0700148C9A /* FeedMainEmptyTVC.xib in Resources */,
				7756F9B227FDFEBA006F6EF3 /* HomeSB.storyboard in Resources */,
				77DBB84B27DEF29F00000623 /* CategoryCVC.xib in Resources */,
				77DBB86627DF49A600000623 /* DietDetailMemoTVC.xib in Resources */,
				772C1476273B7DAB00BB0127 /* Main.storyboard in Resources */,
				7757286027C8C7C300148C9A /* FeedMainPostTVC.xib in Resources */,
				7757285C27C8C31400148C9A /* FeedMainTitleTVC.xib in Resources */,
				77ED049727B6CF9F00D077CA /* ColorSets.xcassets in Resources */,
				77D9ED382805D4B5000EA76A /* FeedDetailEmojiTVC.xib in Resources */,
			);
			runOnlyForDeploymentPostprocessing = 0;
		};
/* End PBXResourcesBuildPhase section */

/* Begin PBXShellScriptBuildPhase section */
		2E28CFBD5429B0418D776372 /* [CP] Embed Pods Frameworks */ = {
			isa = PBXShellScriptBuildPhase;
			buildActionMask = 2147483647;
			files = (
			);
			inputFileListPaths = (
				"${PODS_ROOT}/Target Support Files/Pods-Vegin_iOS/Pods-Vegin_iOS-frameworks-${CONFIGURATION}-input-files.xcfilelist",
			);
			name = "[CP] Embed Pods Frameworks";
			outputFileListPaths = (
				"${PODS_ROOT}/Target Support Files/Pods-Vegin_iOS/Pods-Vegin_iOS-frameworks-${CONFIGURATION}-output-files.xcfilelist",
			);
			runOnlyForDeploymentPostprocessing = 0;
			shellPath = /bin/sh;
			shellScript = "\"${PODS_ROOT}/Target Support Files/Pods-Vegin_iOS/Pods-Vegin_iOS-frameworks.sh\"\n";
			showEnvVarsInLog = 0;
		};
		F490122E51FFF25B457AA0F6 /* [CP] Check Pods Manifest.lock */ = {
			isa = PBXShellScriptBuildPhase;
			buildActionMask = 2147483647;
			files = (
			);
			inputFileListPaths = (
			);
			inputPaths = (
				"${PODS_PODFILE_DIR_PATH}/Podfile.lock",
				"${PODS_ROOT}/Manifest.lock",
			);
			name = "[CP] Check Pods Manifest.lock";
			outputFileListPaths = (
			);
			outputPaths = (
				"$(DERIVED_FILE_DIR)/Pods-Vegin_iOS-checkManifestLockResult.txt",
			);
			runOnlyForDeploymentPostprocessing = 0;
			shellPath = /bin/sh;
			shellScript = "diff \"${PODS_PODFILE_DIR_PATH}/Podfile.lock\" \"${PODS_ROOT}/Manifest.lock\" > /dev/null\nif [ $? != 0 ] ; then\n    # print error to STDERR\n    echo \"error: The sandbox is not in sync with the Podfile.lock. Run 'pod install' or update your CocoaPods installation.\" >&2\n    exit 1\nfi\n# This output is used by Xcode 'outputs' to avoid re-running this script phase.\necho \"SUCCESS\" > \"${SCRIPT_OUTPUT_FILE_0}\"\n";
			showEnvVarsInLog = 0;
		};
/* End PBXShellScriptBuildPhase section */

/* Begin PBXSourcesBuildPhase section */
		772C1467273B7DAB00BB0127 /* Sources */ = {
			isa = PBXSourcesBuildPhase;
			buildActionMask = 2147483647;
			files = (
				772C146F273B7DAB00BB0127 /* AppDelegate.swift in Sources */,
				7742886827F6C8E0001A7CFA /* SignInDataModel.swift in Sources */,
				77D9ED2428044024000EA76A /* FeedAPI.swift in Sources */,
				7757285727C8C11E00148C9A /* FeedMainVC.swift in Sources */,
				7742885927F40CCD001A7CFA /* APIConstants.swift in Sources */,
				7742886527F40FCB001A7CFA /* DietAPI.swift in Sources */,
				772C1471273B7DAB00BB0127 /* SceneDelegate.swift in Sources */,
				779015BB2742E51A00F83ACD /* WriteVC.swift in Sources */,
				7757287827CD337D00148C9A /* DietListVC.swift in Sources */,
				77DBB84627DB186100000623 /* VeginBtn.swift in Sources */,
				77ED049527B6C8BA00D077CA /* Adjusted+.swift in Sources */,
				77ED047927B6927E00D077CA /* BaseNC.swift in Sources */,
				7742885D27F40D19001A7CFA /* GenericResponse.swift in Sources */,
				7742886A27F6CA24001A7CFA /* SignAPI.swift in Sources */,
				77ED047727B691F800D077CA /* StoryboardRepresentation.swift in Sources */,
				7742885F27F40EF5001A7CFA /* BaseTargetType.swift in Sources */,
				7757286E27CBDADA00148C9A /* BaseVC.swift in Sources */,
				7742886327F40F7B001A7CFA /* NetworkLoggerPlugin.swift in Sources */,
				77D9ED3A2805ECE4000EA76A /* FeedPostDataModel.swift in Sources */,
				77ED048527B6944300D077CA /* NaviType.swift in Sources */,
				77FE1738274D2EC800F95F0D /* VeginTBC.swift in Sources */,
				77DBB86A27E0CF8C00000623 /* FeedNC.swift in Sources */,
				7744C57C2742C0F000325814 /* UIViewController+.swift in Sources */,
				77ED048F27B6C46900D077CA /* UILabel+.swift in Sources */,
				7742886C27F6CA36001A7CFA /* SignService.swift in Sources */,
				77DBB84A27DEF29F00000623 /* CategoryCVC.swift in Sources */,
				77ED047D27B692E500D077CA /* TVRegisterable.swift in Sources */,
				5A751C8C27E4CE5C003DCD7C /* HomeNC.swift in Sources */,
				7757286C27C8DAF600148C9A /* AppContentDataModel.swift in Sources */,
				7742885B27F40CF9001A7CFA /* NetworkResult.swift in Sources */,
				77DBB87327E1106600000623 /* FeedMyPostEmptyTVC.swift in Sources */,
				7756F9B027FDFE08006F6EF3 /* FeedWriteVC.swift in Sources */,
				77D9ED2028043DF5000EA76A /* FeedListDataModel.swift in Sources */,
				77DBB85827DF449800000623 /* DietDetailIconTVC.swift in Sources */,
				7757285B27C8C31400148C9A /* FeedMainTitleTVC.swift in Sources */,
				7757288E27D0B3D500148C9A /* UIFont+.swift in Sources */,
				77ED048927B697C900D077CA /* UITextField+.swift in Sources */,
				77DBB85127DF414000000623 /* DietDetailVC.swift in Sources */,
				77DBB86527DF49A600000623 /* DietDetailMemoTVC.swift in Sources */,
				77DBB86127DF47DF00000623 /* DietDetailInfoTVC.swift in Sources */,
				77D0926E280BF1B100CB9F6A /* WriteResModel.swift in Sources */,
				77D9ED332805D2C2000EA76A /* FeedDetailContentTVC.swift in Sources */,
				77D9ED372805D4B5000EA76A /* FeedDetailEmojiTVC.swift in Sources */,
				7756F9AD27FDFDB8006F6EF3 /* CharacterBookCVC.swift in Sources */,
				7757286727C8CF0700148C9A /* FeedMainEmptyTVC.swift in Sources */,
				77ED048327B693CB00D077CA /* Identifiers.swift in Sources */,
				77D9ED2628046414000EA76A /* String+.swift in Sources */,
				77ED049127B6C4FC00D077CA /* UserDefaults+.swift in Sources */,
				77ED049327B6C87200D077CA /* UITextView+.swift in Sources */,
				7742884727EE18CB001A7CFA /* SignInVC.swift in Sources */,
				77FE173C274D8F7400F95F0D /* FarmVC.swift in Sources */,
				7742885227F159E3001A7CFA /* SignUpNVC.swift in Sources */,
				77C03F71280A8CA200B0EE84 /* PostResModel.swift in Sources */,
				77D0926C280B139300CB9F6A /* DietPostDataModel.swift in Sources */,
				779015BD2743ACE800F83ACD /* CalendarNaviController.swift in Sources */,
				77ED047F27B6930000D077CA /* CVRegisterable.swift in Sources */,
				77DBB85D27DF46FB00000623 /* IconImgCVC.swift in Sources */,
				77FE1735274B860C00F95F0D /* VeginAlertVC.swift in Sources */,
				7742886127F40F1D001A7CFA /* DietService.swift in Sources */,
				77ED048727B6965D00D077CA /* UIView+.swift in Sources */,
				77D9ED2228043E99000EA76A /* FeedService.swift in Sources */,
				7742889227FACE89001A7CFA /* SignUpDataModel.swift in Sources */,
				77D9ED2F2805BC56000EA76A /* FeedDetailTitleTVC.swift in Sources */,
				772C1483273CF9D500BB0127 /* CalendarVC.swift in Sources */,
				77ED047B27B692B500D077CA /* BaseTVC.swift in Sources */,
				77DBB85427DF428300000623 /* DietDetailImgTVC.swift in Sources */,
				77D9ED2C2805BA11000EA76A /* FeedDetailVC.swift in Sources */,
				5A95325927E1375E001E72A3 /* CharacterBookVC.swift in Sources */,
				7757285F27C8C7C300148C9A /* FeedMainPostTVC.swift in Sources */,
				77C03F75280AECFB00B0EE84 /* DietListDataModel.swift in Sources */,
				7742885027F154DB001A7CFA /* SignUpVC.swift in Sources */,
				7742884E27F15462001A7CFA /* NickNameVC.swift in Sources */,
				77ED048127B6932D00D077CA /* BaseCVC.swift in Sources */,
				77D9ED28280470AF000EA76A /* SendDataDelegate.swift in Sources */,
				77ED048B27B6994900D077CA /* UIButton+.swift in Sources */,
				77ED048D27B699A700D077CA /* UIColor+.swift in Sources */,
				77DBB86C27E0D46000000623 /* MyFeedPostVC.swift in Sources */,
				7757288027CE0F9500148C9A /* DietListTVC.swift in Sources */,
			);
			runOnlyForDeploymentPostprocessing = 0;
		};
/* End PBXSourcesBuildPhase section */

/* Begin PBXVariantGroup section */
		772C1474273B7DAB00BB0127 /* Main.storyboard */ = {
			isa = PBXVariantGroup;
			children = (
				772C1475273B7DAB00BB0127 /* Base */,
			);
			name = Main.storyboard;
			sourceTree = "<group>";
		};
		772C1479273B7DAE00BB0127 /* LaunchScreen.storyboard */ = {
			isa = PBXVariantGroup;
			children = (
				772C147A273B7DAE00BB0127 /* Base */,
			);
			name = LaunchScreen.storyboard;
			sourceTree = "<group>";
		};
/* End PBXVariantGroup section */

/* Begin XCBuildConfiguration section */
		772C147D273B7DAE00BB0127 /* Debug */ = {
			isa = XCBuildConfiguration;
			buildSettings = {
				ALWAYS_SEARCH_USER_PATHS = NO;
				CLANG_ANALYZER_NONNULL = YES;
				CLANG_ANALYZER_NUMBER_OBJECT_CONVERSION = YES_AGGRESSIVE;
				CLANG_CXX_LANGUAGE_STANDARD = "gnu++17";
				CLANG_CXX_LIBRARY = "libc++";
				CLANG_ENABLE_MODULES = YES;
				CLANG_ENABLE_OBJC_ARC = YES;
				CLANG_ENABLE_OBJC_WEAK = YES;
				CLANG_WARN_BLOCK_CAPTURE_AUTORELEASING = YES;
				CLANG_WARN_BOOL_CONVERSION = YES;
				CLANG_WARN_COMMA = YES;
				CLANG_WARN_CONSTANT_CONVERSION = YES;
				CLANG_WARN_DEPRECATED_OBJC_IMPLEMENTATIONS = YES;
				CLANG_WARN_DIRECT_OBJC_ISA_USAGE = YES_ERROR;
				CLANG_WARN_DOCUMENTATION_COMMENTS = YES;
				CLANG_WARN_EMPTY_BODY = YES;
				CLANG_WARN_ENUM_CONVERSION = YES;
				CLANG_WARN_INFINITE_RECURSION = YES;
				CLANG_WARN_INT_CONVERSION = YES;
				CLANG_WARN_NON_LITERAL_NULL_CONVERSION = YES;
				CLANG_WARN_OBJC_IMPLICIT_RETAIN_SELF = YES;
				CLANG_WARN_OBJC_LITERAL_CONVERSION = YES;
				CLANG_WARN_OBJC_ROOT_CLASS = YES_ERROR;
				CLANG_WARN_QUOTED_INCLUDE_IN_FRAMEWORK_HEADER = YES;
				CLANG_WARN_RANGE_LOOP_ANALYSIS = YES;
				CLANG_WARN_STRICT_PROTOTYPES = YES;
				CLANG_WARN_SUSPICIOUS_MOVE = YES;
				CLANG_WARN_UNGUARDED_AVAILABILITY = YES_AGGRESSIVE;
				CLANG_WARN_UNREACHABLE_CODE = YES;
				CLANG_WARN__DUPLICATE_METHOD_MATCH = YES;
				COPY_PHASE_STRIP = NO;
				DEBUG_INFORMATION_FORMAT = dwarf;
				ENABLE_STRICT_OBJC_MSGSEND = YES;
				ENABLE_TESTABILITY = YES;
				GCC_C_LANGUAGE_STANDARD = gnu11;
				GCC_DYNAMIC_NO_PIC = NO;
				GCC_NO_COMMON_BLOCKS = YES;
				GCC_OPTIMIZATION_LEVEL = 0;
				GCC_PREPROCESSOR_DEFINITIONS = (
					"DEBUG=1",
					"$(inherited)",
				);
				GCC_WARN_64_TO_32_BIT_CONVERSION = YES;
				GCC_WARN_ABOUT_RETURN_TYPE = YES_ERROR;
				GCC_WARN_UNDECLARED_SELECTOR = YES;
				GCC_WARN_UNINITIALIZED_AUTOS = YES_AGGRESSIVE;
				GCC_WARN_UNUSED_FUNCTION = YES;
				GCC_WARN_UNUSED_VARIABLE = YES;
				IPHONEOS_DEPLOYMENT_TARGET = 15.0;
				MTL_ENABLE_DEBUG_INFO = INCLUDE_SOURCE;
				MTL_FAST_MATH = YES;
				ONLY_ACTIVE_ARCH = YES;
				SDKROOT = iphoneos;
				SWIFT_ACTIVE_COMPILATION_CONDITIONS = DEBUG;
				SWIFT_OPTIMIZATION_LEVEL = "-Onone";
			};
			name = Debug;
		};
		772C147E273B7DAE00BB0127 /* Release */ = {
			isa = XCBuildConfiguration;
			buildSettings = {
				ALWAYS_SEARCH_USER_PATHS = NO;
				CLANG_ANALYZER_NONNULL = YES;
				CLANG_ANALYZER_NUMBER_OBJECT_CONVERSION = YES_AGGRESSIVE;
				CLANG_CXX_LANGUAGE_STANDARD = "gnu++17";
				CLANG_CXX_LIBRARY = "libc++";
				CLANG_ENABLE_MODULES = YES;
				CLANG_ENABLE_OBJC_ARC = YES;
				CLANG_ENABLE_OBJC_WEAK = YES;
				CLANG_WARN_BLOCK_CAPTURE_AUTORELEASING = YES;
				CLANG_WARN_BOOL_CONVERSION = YES;
				CLANG_WARN_COMMA = YES;
				CLANG_WARN_CONSTANT_CONVERSION = YES;
				CLANG_WARN_DEPRECATED_OBJC_IMPLEMENTATIONS = YES;
				CLANG_WARN_DIRECT_OBJC_ISA_USAGE = YES_ERROR;
				CLANG_WARN_DOCUMENTATION_COMMENTS = YES;
				CLANG_WARN_EMPTY_BODY = YES;
				CLANG_WARN_ENUM_CONVERSION = YES;
				CLANG_WARN_INFINITE_RECURSION = YES;
				CLANG_WARN_INT_CONVERSION = YES;
				CLANG_WARN_NON_LITERAL_NULL_CONVERSION = YES;
				CLANG_WARN_OBJC_IMPLICIT_RETAIN_SELF = YES;
				CLANG_WARN_OBJC_LITERAL_CONVERSION = YES;
				CLANG_WARN_OBJC_ROOT_CLASS = YES_ERROR;
				CLANG_WARN_QUOTED_INCLUDE_IN_FRAMEWORK_HEADER = YES;
				CLANG_WARN_RANGE_LOOP_ANALYSIS = YES;
				CLANG_WARN_STRICT_PROTOTYPES = YES;
				CLANG_WARN_SUSPICIOUS_MOVE = YES;
				CLANG_WARN_UNGUARDED_AVAILABILITY = YES_AGGRESSIVE;
				CLANG_WARN_UNREACHABLE_CODE = YES;
				CLANG_WARN__DUPLICATE_METHOD_MATCH = YES;
				COPY_PHASE_STRIP = NO;
				DEBUG_INFORMATION_FORMAT = "dwarf-with-dsym";
				ENABLE_NS_ASSERTIONS = NO;
				ENABLE_STRICT_OBJC_MSGSEND = YES;
				GCC_C_LANGUAGE_STANDARD = gnu11;
				GCC_NO_COMMON_BLOCKS = YES;
				GCC_WARN_64_TO_32_BIT_CONVERSION = YES;
				GCC_WARN_ABOUT_RETURN_TYPE = YES_ERROR;
				GCC_WARN_UNDECLARED_SELECTOR = YES;
				GCC_WARN_UNINITIALIZED_AUTOS = YES_AGGRESSIVE;
				GCC_WARN_UNUSED_FUNCTION = YES;
				GCC_WARN_UNUSED_VARIABLE = YES;
				IPHONEOS_DEPLOYMENT_TARGET = 15.0;
				MTL_ENABLE_DEBUG_INFO = NO;
				MTL_FAST_MATH = YES;
				SDKROOT = iphoneos;
				SWIFT_COMPILATION_MODE = wholemodule;
				SWIFT_OPTIMIZATION_LEVEL = "-O";
				VALIDATE_PRODUCT = YES;
			};
			name = Release;
		};
		772C1480273B7DAE00BB0127 /* Debug */ = {
			isa = XCBuildConfiguration;
			baseConfigurationReference = 81674B682E3C2F3F4442D9A7 /* Pods-Vegin_iOS.debug.xcconfig */;
			buildSettings = {
				ASSETCATALOG_COMPILER_APPICON_NAME = AppIcon;
				ASSETCATALOG_COMPILER_GLOBAL_ACCENT_COLOR_NAME = AccentColor;
				CODE_SIGN_STYLE = Automatic;
				CURRENT_PROJECT_VERSION = 1;
				DEVELOPMENT_TEAM = 397WA8BG8W;
				GENERATE_INFOPLIST_FILE = YES;
				INFOPLIST_FILE = Vegin_iOS/Support/Info.plist;
				INFOPLIST_KEY_UIApplicationSupportsIndirectInputEvents = YES;
				INFOPLIST_KEY_UILaunchStoryboardName = LaunchScreen;
				INFOPLIST_KEY_UIMainStoryboardFile = Main;
				INFOPLIST_KEY_UISupportedInterfaceOrientations_iPad = "UIInterfaceOrientationPortrait UIInterfaceOrientationPortraitUpsideDown UIInterfaceOrientationLandscapeLeft UIInterfaceOrientationLandscapeRight";
				INFOPLIST_KEY_UISupportedInterfaceOrientations_iPhone = "UIInterfaceOrientationPortrait UIInterfaceOrientationLandscapeLeft UIInterfaceOrientationLandscapeRight";
				LD_RUNPATH_SEARCH_PATHS = (
					"$(inherited)",
					"@executable_path/Frameworks",
				);
				MARKETING_VERSION = 1.0;
				PRODUCT_BUNDLE_IDENTIFIER = "com.eunju.Vegin-iOS";
				PRODUCT_NAME = "$(TARGET_NAME)";
				SWIFT_EMIT_LOC_STRINGS = YES;
				SWIFT_VERSION = 5.0;
				TARGETED_DEVICE_FAMILY = "1,2";
			};
			name = Debug;
		};
		772C1481273B7DAE00BB0127 /* Release */ = {
			isa = XCBuildConfiguration;
			baseConfigurationReference = 4633DCDA9E2208418F65B04D /* Pods-Vegin_iOS.release.xcconfig */;
			buildSettings = {
				ASSETCATALOG_COMPILER_APPICON_NAME = AppIcon;
				ASSETCATALOG_COMPILER_GLOBAL_ACCENT_COLOR_NAME = AccentColor;
				CODE_SIGN_STYLE = Automatic;
				CURRENT_PROJECT_VERSION = 1;
				DEVELOPMENT_TEAM = 397WA8BG8W;
				GENERATE_INFOPLIST_FILE = YES;
				INFOPLIST_FILE = Vegin_iOS/Support/Info.plist;
				INFOPLIST_KEY_UIApplicationSupportsIndirectInputEvents = YES;
				INFOPLIST_KEY_UILaunchStoryboardName = LaunchScreen;
				INFOPLIST_KEY_UIMainStoryboardFile = Main;
				INFOPLIST_KEY_UISupportedInterfaceOrientations_iPad = "UIInterfaceOrientationPortrait UIInterfaceOrientationPortraitUpsideDown UIInterfaceOrientationLandscapeLeft UIInterfaceOrientationLandscapeRight";
				INFOPLIST_KEY_UISupportedInterfaceOrientations_iPhone = "UIInterfaceOrientationPortrait UIInterfaceOrientationLandscapeLeft UIInterfaceOrientationLandscapeRight";
				LD_RUNPATH_SEARCH_PATHS = (
					"$(inherited)",
					"@executable_path/Frameworks",
				);
				MARKETING_VERSION = 1.0;
				PRODUCT_BUNDLE_IDENTIFIER = "com.eunju.Vegin-iOS";
				PRODUCT_NAME = "$(TARGET_NAME)";
				SWIFT_EMIT_LOC_STRINGS = YES;
				SWIFT_VERSION = 5.0;
				TARGETED_DEVICE_FAMILY = "1,2";
			};
			name = Release;
		};
/* End XCBuildConfiguration section */

/* Begin XCConfigurationList section */
		772C1466273B7DAB00BB0127 /* Build configuration list for PBXProject "Vegin_iOS" */ = {
			isa = XCConfigurationList;
			buildConfigurations = (
				772C147D273B7DAE00BB0127 /* Debug */,
				772C147E273B7DAE00BB0127 /* Release */,
			);
			defaultConfigurationIsVisible = 0;
			defaultConfigurationName = Release;
		};
		772C147F273B7DAE00BB0127 /* Build configuration list for PBXNativeTarget "Vegin_iOS" */ = {
			isa = XCConfigurationList;
			buildConfigurations = (
				772C1480273B7DAE00BB0127 /* Debug */,
				772C1481273B7DAE00BB0127 /* Release */,
			);
			defaultConfigurationIsVisible = 0;
			defaultConfigurationName = Release;
		};
/* End XCConfigurationList section */
	};
	rootObject = 772C1463273B7DAB00BB0127 /* Project object */;
}
